// !$*UTF8*$!
{
	archiveVersion = 1;
	classes = {
	};
	objectVersion = 54;
	objects = {

/* Begin PBXBuildFile section */
		039D57C9E6803E4AFFA05E42 /* PacketTunnelProvider.swift in Sources */ = {isa = PBXBuildFile; fileRef = CB0027628D4E78F4B6A192D6 /* PacketTunnelProvider.swift */; };
		07FA620F1DFC9EA827445D27 /* Pods_Runner.framework in Frameworks */ = {isa = PBXBuildFile; fileRef = 6621427FD04A99ADDF44C299 /* Pods_Runner.framework */; };
		0B0D3186BA9939A1403EDB05 /* Foundation.framework in Frameworks */ = {isa = PBXBuildFile; fileRef = EBC14F7E1D0D7DE1277326D4 /* Foundation.framework */; };
		1498D2341E8E89220040F4C2 /* GeneratedPluginRegistrant.m in Sources */ = {isa = PBXBuildFile; fileRef = 1498D2331E8E89220040F4C2 /* GeneratedPluginRegistrant.m */; };
		1D3EE4E559F85EBF3E914948 /* SystemConfiguration.framework in Frameworks */ = {isa = PBXBuildFile; fileRef = 2E5088CD4405B36E3BCEC353 /* SystemConfiguration.framework */; };
		2A210CA24F3369AF0C27A154 /* DNSServer.swift in Sources */ = {isa = PBXBuildFile; fileRef = E54322FC87CB9DA433A86160 /* DNSServer.swift */; };
		2D4A89F5AE841E1F0A95CF82 /* DNSResolver.swift in Sources */ = {isa = PBXBuildFile; fileRef = C752E94178D93FF8770EC5B5 /* DNSResolver.swift */; };
		2DDA8436E531142EF1ACA687 /* TunnelConfiguration.swift in Sources */ = {isa = PBXBuildFile; fileRef = D6ADC4670508D2A48C981A21 /* TunnelConfiguration.swift */; };
		331C808B294A63AB00263BE5 /* RunnerTests.swift in Sources */ = {isa = PBXBuildFile; fileRef = 331C807B294A618700263BE5 /* RunnerTests.swift */; };
		3766D68251B2687C695B9ECF /* PeerConfiguration.swift in Sources */ = {isa = PBXBuildFile; fileRef = C2AE538EA9BA9C35C44CE4EA /* PeerConfiguration.swift */; };
		3779EFFCDDAFF18D37151CC7 /* TunnelConfiguration.swift in Sources */ = {isa = PBXBuildFile; fileRef = D2D5D9C53DF8E30DB98FB054 /* TunnelConfiguration.swift */; };
		3A82043F3F79345BD77C3FA5 /* WireGuardKitGo.xcframework in Frameworks */ = {isa = PBXBuildFile; fileRef = C237F4EDEE38154E341D4A24 /* WireGuardKitGo.xcframework */; };
		3B3967161E833CAA004F5970 /* AppFrameworkInfo.plist in Resources */ = {isa = PBXBuildFile; fileRef = 3B3967151E833CAA004F5970 /* AppFrameworkInfo.plist */; };
		3B50A9164D9E4F0A45B121B3 /* NetworkExtension.framework in Frameworks */ = {isa = PBXBuildFile; fileRef = 61F573EA569E30CDC40949F0 /* NetworkExtension.framework */; };
		4447D5E32D737591BB4F35A0 /* InfoPlist.strings in Resources */ = {isa = PBXBuildFile; fileRef = AB50446FB7AF32038A0EAB24 /* InfoPlist.strings */; };
		467A14E94567E84293CABF7F /* NetworkExtension.framework in Frameworks */ = {isa = PBXBuildFile; fileRef = 61F573EA569E30CDC40949F0 /* NetworkExtension.framework */; };
		472879C6D34C93EF9EFF93B1 /* IPAddressRange.swift in Sources */ = {isa = PBXBuildFile; fileRef = 0EB906D556B7A3329ED21E85 /* IPAddressRange.swift */; };
		4D19C1133FDC38D9D934E8A9 /* key.c in Sources */ = {isa = PBXBuildFile; fileRef = AE64696D11886360EDC0446D /* key.c */; };
		52D80F8C7E25C89E9FF74D92 /* Pods_RunnerTests.framework in Frameworks */ = {isa = PBXBuildFile; fileRef = 044963A254C9E37705DD46BA /* Pods_RunnerTests.framework */; };
		5426501DCDBA9FB9E335C613 /* libresolv.tbd in Frameworks */ = {isa = PBXBuildFile; fileRef = C092418FB4865E9DE2DD0E2F /* libresolv.tbd */; };
		55D7FD4444021F1994C26C52 /* HandshakeFreshnessEvaluator.swift in Sources */ = {isa = PBXBuildFile; fileRef = 49B0740D6277554E464DD75F /* HandshakeFreshnessEvaluator.swift */; };
		56C1D0C3FC48066E6C7C35A9 /* x25519.c in Sources */ = {isa = PBXBuildFile; fileRef = 6EB36930CB7D19AE41484960 /* x25519.c */; };
		5AF83C61BDFCCA82162B8DF8 /* libresolv.tbd in Frameworks */ = {isa = PBXBuildFile; fileRef = C092418FB4865E9DE2DD0E2F /* libresolv.tbd */; };
		5FB7E59C4B3A5F7AEDCCBCA0 /* TunnelConfiguration+WgQuickConfig.swift in Sources */ = {isa = PBXBuildFile; fileRef = 652E6565381836D6BB75B62E /* TunnelConfiguration+WgQuickConfig.swift */; };
		5FE05EF3B6B90A77156227D8 /* Foundation.framework in Frameworks */ = {isa = PBXBuildFile; fileRef = EBC14F7E1D0D7DE1277326D4 /* Foundation.framework */; };
		6276ED6DB46E17C49E96FA5D /* SystemConfiguration.framework in Frameworks */ = {isa = PBXBuildFile; fileRef = 2E5088CD4405B36E3BCEC353 /* SystemConfiguration.framework */; };
		6BE4C7740E0FF4835C21DE85 /* IPAddress+AddrInfo.swift in Sources */ = {isa = PBXBuildFile; fileRef = 71921F9515A0F2E56D9579D6 /* IPAddress+AddrInfo.swift */; };
		71D5AFC46EB5E6C163FA3DB6 /* SingboxPlatform.swift in Sources */ = {isa = PBXBuildFile; fileRef = EADA3115753CEDDC412219DA /* SingboxPlatform.swift */; };
		72FC1DAE7B1BEA6D100C2C78 /* PacketTunnelProvider.swift in Sources */ = {isa = PBXBuildFile; fileRef = DA814B13BF271A13FC434A81 /* PacketTunnelProvider.swift */; };
		74858FAF1ED2DC5600515810 /* AppDelegate.swift in Sources */ = {isa = PBXBuildFile; fileRef = 74858FAE1ED2DC5600515810 /* AppDelegate.swift */; };
		780C7CF01BC9B9A876FB27AA /* IPAddress+AddrInfo.swift in Sources */ = {isa = PBXBuildFile; fileRef = 618C56E47089D66F27E6336A /* IPAddress+AddrInfo.swift */; };
		7DA85EF4DD714F4BCBCF06FC /* SingboxTunnel.appex in Embed Foundation Extensions */ = {isa = PBXBuildFile; fileRef = 79E7A98E6574A305A599F14B /* SingboxTunnel.appex */; settings = {ATTRIBUTES = (RemoveHeadersOnCopy, ); }; };
		80377976418E0969C9441BEC /* UIKit.framework in Frameworks */ = {isa = PBXBuildFile; fileRef = C8A61256409ACB18F40C5914 /* UIKit.framework */; };
		813D2128CFC375C0EE62B397 /* HandshakeFreshnessEvaluator.swift in Sources */ = {isa = PBXBuildFile; fileRef = D394C288C55E3C62925FCEF3 /* HandshakeFreshnessEvaluator.swift */; };
		81B3AED27E9CBCF652CAF9BC /* geosite-cn.srs in Resources */ = {isa = PBXBuildFile; fileRef = 2C3489965159188B9184A758 /* geosite-cn.srs */; };
		876223ED38114D9B280AF0A6 /* NetworkExtension.framework in Frameworks */ = {isa = PBXBuildFile; fileRef = 61F573EA569E30CDC40949F0 /* NetworkExtension.framework */; };
		87A71917019C85C8B08555B5 /* TunnelConfiguration+WgQuickConfig.swift in Sources */ = {isa = PBXBuildFile; fileRef = 9A5B292EAE1764EE2E9574A7 /* TunnelConfiguration+WgQuickConfig.swift */; };
		8959D88888DF9A95C8C75DD4 /* PeerConfiguration.swift in Sources */ = {isa = PBXBuildFile; fileRef = 2444608CA62144A14CD3409D /* PeerConfiguration.swift */; };
		8DB4D2D1309690439EE51ECD /* AWGTunnel.appex in Embed Foundation Extensions */ = {isa = PBXBuildFile; fileRef = 91FF2A408699789D649B557E /* AWGTunnel.appex */; settings = {ATTRIBUTES = (RemoveHeadersOnCopy, ); }; };
		900C14312B2A032622A9A07F /* WireGuardKitGo.xcframework in Frameworks */ = {isa = PBXBuildFile; fileRef = C237F4EDEE38154E341D4A24 /* WireGuardKitGo.xcframework */; };
		9485592439F25EA43765730E /* TunnelLog.swift in Sources */ = {isa = PBXBuildFile; fileRef = B862BF0C765FDC8FD62EAB1B /* TunnelLog.swift */; };
		97C146FC1CF9000F007C117D /* Main.storyboard in Resources */ = {isa = PBXBuildFile; fileRef = 97C146FA1CF9000F007C117D /* Main.storyboard */; };
		97C146FE1CF9000F007C117D /* Assets.xcassets in Resources */ = {isa = PBXBuildFile; fileRef = 97C146FD1CF9000F007C117D /* Assets.xcassets */; };
		97C147011CF9000F007C117D /* LaunchScreen.storyboard in Resources */ = {isa = PBXBuildFile; fileRef = 97C146FF1CF9000F007C117D /* LaunchScreen.storyboard */; };
		98888790EF0E3A4E577954E4 /* x25519.c in Sources */ = {isa = PBXBuildFile; fileRef = 943F743F5367DEAA5930BDFE /* x25519.c */; };
		99660C5881A25D8BF549534C /* Array+ConcurrentMap.swift in Sources */ = {isa = PBXBuildFile; fileRef = 58B72C1232A52EA09BE3DF85 /* Array+ConcurrentMap.swift */; };
		9FF62984A98CDC5379AF00E4 /* Foundation.framework in Frameworks */ = {isa = PBXBuildFile; fileRef = EBC14F7E1D0D7DE1277326D4 /* Foundation.framework */; };
		A0D89E592C0C62A308CE32E7 /* WireGuardAdapter.swift in Sources */ = {isa = PBXBuildFile; fileRef = 990B32870AD53CD8E1FCFE4A /* WireGuardAdapter.swift */; };
		A156E665DE44F33DE95D2D7D /* geoip-cn.srs in Resources */ = {isa = PBXBuildFile; fileRef = D8FB7208782E381FBEA643AD /* geoip-cn.srs */; };
		A3542A5E755891B653E385ED /* SingboxPlatform.swift in Sources */ = {isa = PBXBuildFile; fileRef = 766905A4D054D2E7317129D2 /* SingboxPlatform.swift */; };
		A4FF0E6A2810EC82C71F6752 /* TunnelLog.swift in Sources */ = {isa = PBXBuildFile; fileRef = E2D4BC3964B450641C9562EC /* TunnelLog.swift */; };
		A7651A412C99FFCFFD00339E /* Endpoint.swift in Sources */ = {isa = PBXBuildFile; fileRef = 3F145F193087533203014D19 /* Endpoint.swift */; };
		AB1102A16B560BF80F8BC207 /* DNSServer.swift in Sources */ = {isa = PBXBuildFile; fileRef = 4CAF11FE481D451ECFE4E1C6 /* DNSServer.swift */; };
		AC06F30104C3A2C7C4258CA8 /* Endpoint.swift in Sources */ = {isa = PBXBuildFile; fileRef = 3CC8382F7856A84C96D23245 /* Endpoint.swift */; };
		B2698B176579F5AC8155834F /* PacketTunnelProvider.swift in Sources */ = {isa = PBXBuildFile; fileRef = FB8C3E5BF6F6A77122CFDF02 /* PacketTunnelProvider.swift */; };
		B77E3FF8CEF0C48868DDFBCA /* UIKit.framework in Frameworks */ = {isa = PBXBuildFile; fileRef = C8A61256409ACB18F40C5914 /* UIKit.framework */; };
		B88446BB143F66EEB0BEBFC9 /* IPAddressRange.swift in Sources */ = {isa = PBXBuildFile; fileRef = 81CAC0774442F76ED087C1BD /* IPAddressRange.swift */; };
		BBA714938F2FE979214DD91E /* libresolv.tbd in Frameworks */ = {isa = PBXBuildFile; fileRef = C092418FB4865E9DE2DD0E2F /* libresolv.tbd */; };
		BF149DFAA2F6CBA338789613 /* String+ArrayConversion.swift in Sources */ = {isa = PBXBuildFile; fileRef = A84C69C6175D5C3C4B0A359C /* String+ArrayConversion.swift */; };
		C30B0A2DB6D76A13AD94ABC2 /* PrivateKey.swift in Sources */ = {isa = PBXBuildFile; fileRef = F5F4B58611F6A9649FC13B94 /* PrivateKey.swift */; };
		C3D09CD134D0BA5BBE1DBBFD /* libresolv.tbd in Frameworks */ = {isa = PBXBuildFile; fileRef = C092418FB4865E9DE2DD0E2F /* libresolv.tbd */; };
		C7812249264BDB5CC530A1AB /* WireGuardAdapter.swift in Sources */ = {isa = PBXBuildFile; fileRef = 2346965FF14B9E2FF93965BB /* WireGuardAdapter.swift */; };
		C7E35260EB83521190625C96 /* String+ArrayConversion.swift in Sources */ = {isa = PBXBuildFile; fileRef = E15E1FC0B08C951747DC0F37 /* String+ArrayConversion.swift */; };
		C97DE7E6A79586E4AB46AB39 /* NetworkExtension.framework in Frameworks */ = {isa = PBXBuildFile; fileRef = 61F573EA569E30CDC40949F0 /* NetworkExtension.framework */; };
		C9E430D2BD06ACCA1EE9F0C3 /* PacketTunnelSettingsGenerator.swift in Sources */ = {isa = PBXBuildFile; fileRef = 52444C0F82365CB851E34AA1 /* PacketTunnelSettingsGenerator.swift */; };
		CE32F33001940BDBFDA2750B /* Array+ConcurrentMap.swift in Sources */ = {isa = PBXBuildFile; fileRef = CC8F148F8E2FCBBE3ED471F4 /* Array+ConcurrentMap.swift */; };
		CFB7BD6F9FCECCB29CAB508A /* Foundation.framework in Frameworks */ = {isa = PBXBuildFile; fileRef = EBC14F7E1D0D7DE1277326D4 /* Foundation.framework */; };
		D518F899232AFEA42EF198C9 /* geoip-cn.srs in Resources */ = {isa = PBXBuildFile; fileRef = A451DCBA138879C0D31B8575 /* geoip-cn.srs */; };
		D75DEA9CB12F40E96D3FBAA8 /* InterfaceConfiguration.swift in Sources */ = {isa = PBXBuildFile; fileRef = 651F4CF06B4472C2D5F8846F /* InterfaceConfiguration.swift */; };
		E33EB23738463A305EAF90C9 /* InterfaceConfiguration.swift in Sources */ = {isa = PBXBuildFile; fileRef = 456DA1A9465252C4A1DCEAB2 /* InterfaceConfiguration.swift */; };
		E390DF2BFC3F0DC8E4BDCE42 /* Libbox.xcframework in Frameworks */ = {isa = PBXBuildFile; fileRef = 2B2F27149D0ED53F1339D98B /* Libbox.xcframework */; };
		E666F5EA141CD5C4427EFB07 /* Libbox.xcframework in Frameworks */ = {isa = PBXBuildFile; fileRef = 2B2F27149D0ED53F1339D98B /* Libbox.xcframework */; };
		E75947EC81388411A82A0AEA /* PacketTunnelSettingsGenerator.swift in Sources */ = {isa = PBXBuildFile; fileRef = 329CD2A766E6767759D360B1 /* PacketTunnelSettingsGenerator.swift */; };
		ECCF2FB8EB9F902D8F4FC2B0 /* key.c in Sources */ = {isa = PBXBuildFile; fileRef = 0A01F343FA427689C7A7F1D5 /* key.c */; };
		F130D8059E063FAE263B13C3 /* PacketTunnelProvider.swift in Sources */ = {isa = PBXBuildFile; fileRef = 3640A71AF96C8E21EB55FAAD /* PacketTunnelProvider.swift */; };
		F1558FA42BAD6DCE96B43024 /* PrivateKey.swift in Sources */ = {isa = PBXBuildFile; fileRef = 6884C933DC2C2AAC0EBCF57F /* PrivateKey.swift */; };
		FC2B1FEDA173E3EE7A9494BE /* DNSResolver.swift in Sources */ = {isa = PBXBuildFile; fileRef = 652FEC189AF40D6E843BB9D5 /* DNSResolver.swift */; };
		FCE6353A8FF212BDC5970887 /* geosite-cn.srs in Resources */ = {isa = PBXBuildFile; fileRef = 8116CDE8862EE3AF337FA240 /* geosite-cn.srs */; };
/* End PBXBuildFile section */

/* Begin PBXContainerItemProxy section */
		1F94B743C603B30AB02C8D66 /* PBXContainerItemProxy */ = {
			isa = PBXContainerItemProxy;
			containerPortal = 97C146E61CF9000F007C117D /* Project object */;
			proxyType = 1;
			remoteGlobalIDString = 035D8C3B427E5E6824043FD0;
			remoteInfo = SingboxTunnel;
		};
		331C8085294A63A400263BE5 /* PBXContainerItemProxy */ = {
			isa = PBXContainerItemProxy;
			containerPortal = 97C146E61CF9000F007C117D /* Project object */;
			proxyType = 1;
			remoteGlobalIDString = 97C146ED1CF9000F007C117D;
			remoteInfo = Runner;
		};
		F36B02F5BBD82300A2CBDFAE /* PBXContainerItemProxy */ = {
			isa = PBXContainerItemProxy;
			containerPortal = 97C146E61CF9000F007C117D /* Project object */;
			proxyType = 1;
			remoteGlobalIDString = D0B029319B7E9B8E91B94F65;
			remoteInfo = AWGTunnel;
		};
/* End PBXContainerItemProxy section */

/* Begin PBXCopyFilesBuildPhase section */
		9705A1C41CF9048500538489 /* Embed Frameworks */ = {
			isa = PBXCopyFilesBuildPhase;
			buildActionMask = 2147483647;
			dstPath = "";
			dstSubfolderSpec = 10;
			files = (
			);
			name = "Embed Frameworks";
			runOnlyForDeploymentPostprocessing = 0;
		};
		FEEA5AF92CFB28BF9BB59590 /* Embed Foundation Extensions */ = {
			isa = PBXCopyFilesBuildPhase;
			buildActionMask = 2147483647;
			dstPath = "";
			dstSubfolderSpec = 13;
			files = (
				8DB4D2D1309690439EE51ECD /* AWGTunnel.appex in Embed Foundation Extensions */,
				7DA85EF4DD714F4BCBCF06FC /* SingboxTunnel.appex in Embed Foundation Extensions */,
			);
			name = "Embed Foundation Extensions";
			runOnlyForDeploymentPostprocessing = 0;
		};
/* End PBXCopyFilesBuildPhase section */

/* Begin PBXFileReference section */
		0161578FF1756985BC41EE5D /* en */ = {isa = PBXFileReference; includeInIndex = 1; lastKnownFileType = text.plist.strings; name = en; path = en.lproj/InfoPlist.strings; sourceTree = "<group>"; };
		044963A254C9E37705DD46BA /* Pods_RunnerTests.framework */ = {isa = PBXFileReference; explicitFileType = wrapper.framework; includeInIndex = 0; path = Pods_RunnerTests.framework; sourceTree = BUILT_PRODUCTS_DIR; };
		0A01F343FA427689C7A7F1D5 /* key.c */ = {isa = PBXFileReference; includeInIndex = 1; path = key.c; sourceTree = "<group>"; };
		0D71D9C6684CF2B8F8A05BF8 /* Pods-RunnerTests.debug.xcconfig */ = {isa = PBXFileReference; includeInIndex = 1; lastKnownFileType = text.xcconfig; name = "Pods-RunnerTests.debug.xcconfig"; path = "Target Support Files/Pods-RunnerTests/Pods-RunnerTests.debug.xcconfig"; sourceTree = "<group>"; };
		0EB906D556B7A3329ED21E85 /* IPAddressRange.swift */ = {isa = PBXFileReference; includeInIndex = 1; lastKnownFileType = sourcecode.swift; path = IPAddressRange.swift; sourceTree = "<group>"; };
		1498D2321E8E86230040F4C2 /* GeneratedPluginRegistrant.h */ = {isa = PBXFileReference; lastKnownFileType = sourcecode.c.h; path = GeneratedPluginRegistrant.h; sourceTree = "<group>"; };
		1498D2331E8E89220040F4C2 /* GeneratedPluginRegistrant.m */ = {isa = PBXFileReference; fileEncoding = 4; lastKnownFileType = sourcecode.c.objc; path = GeneratedPluginRegistrant.m; sourceTree = "<group>"; };
		1976FB7350D63348A102B618 /* Pods-RunnerTests.profile.xcconfig */ = {isa = PBXFileReference; includeInIndex = 1; lastKnownFileType = text.xcconfig; name = "Pods-RunnerTests.profile.xcconfig"; path = "Target Support Files/Pods-RunnerTests/Pods-RunnerTests.profile.xcconfig"; sourceTree = "<group>"; };
		2346965FF14B9E2FF93965BB /* WireGuardAdapter.swift */ = {isa = PBXFileReference; includeInIndex = 1; lastKnownFileType = sourcecode.swift; path = WireGuardAdapter.swift; sourceTree = "<group>"; };
		2444608CA62144A14CD3409D /* PeerConfiguration.swift */ = {isa = PBXFileReference; includeInIndex = 1; lastKnownFileType = sourcecode.swift; path = PeerConfiguration.swift; sourceTree = "<group>"; };
		2B2F27149D0ED53F1339D98B /* Libbox.xcframework */ = {isa = PBXFileReference; includeInIndex = 1; name = Libbox.xcframework; path = ../ios_macos_native/Frameworks/Libbox.xcframework; sourceTree = SOURCE_ROOT; };
		2C3489965159188B9184A758 /* geosite-cn.srs */ = {isa = PBXFileReference; includeInIndex = 1; name = "geosite-cn.srs"; path = "../ios_macos_native/RuleSets/geosite-cn.srs"; sourceTree = SOURCE_ROOT; };
		2DDA527272089B86AA660B18 /* Pods-Runner.debug.xcconfig */ = {isa = PBXFileReference; includeInIndex = 1; lastKnownFileType = text.xcconfig; name = "Pods-Runner.debug.xcconfig"; path = "Target Support Files/Pods-Runner/Pods-Runner.debug.xcconfig"; sourceTree = "<group>"; };
		2E5088CD4405B36E3BCEC353 /* SystemConfiguration.framework */ = {isa = PBXFileReference; lastKnownFileType = wrapper.framework; name = SystemConfiguration.framework; path = Platforms/iPhoneOS.platform/Developer/SDKs/iPhoneOS26.0.sdk/System/Library/Frameworks/SystemConfiguration.framework; sourceTree = DEVELOPER_DIR; };
		30FBC2BBAFFB8D942644C506 /* Pods-Runner.profile.xcconfig */ = {isa = PBXFileReference; includeInIndex = 1; lastKnownFileType = text.xcconfig; name = "Pods-Runner.profile.xcconfig"; path = "Target Support Files/Pods-Runner/Pods-Runner.profile.xcconfig"; sourceTree = "<group>"; };
		329CD2A766E6767759D360B1 /* PacketTunnelSettingsGenerator.swift */ = {isa = PBXFileReference; includeInIndex = 1; lastKnownFileType = sourcecode.swift; path = PacketTunnelSettingsGenerator.swift; sourceTree = "<group>"; };
		32B6A2EB6ED0A26CAB8A1994 /* SingboxTunnel-iOS.entitlements */ = {isa = PBXFileReference; includeInIndex = 1; lastKnownFileType = text.plist.entitlements; path = "SingboxTunnel-iOS.entitlements"; sourceTree = "<group>"; };
		331C807B294A618700263BE5 /* RunnerTests.swift */ = {isa = PBXFileReference; lastKnownFileType = sourcecode.swift; path = RunnerTests.swift; sourceTree = "<group>"; };
		331C8081294A63A400263BE5 /* RunnerTests.xctest */ = {isa = PBXFileReference; explicitFileType = wrapper.cfbundle; includeInIndex = 0; path = RunnerTests.xctest; sourceTree = BUILT_PRODUCTS_DIR; };
		3640A71AF96C8E21EB55FAAD /* PacketTunnelProvider.swift */ = {isa = PBXFileReference; includeInIndex = 1; lastKnownFileType = sourcecode.swift; path = PacketTunnelProvider.swift; sourceTree = "<group>"; };
		3B3967151E833CAA004F5970 /* AppFrameworkInfo.plist */ = {isa = PBXFileReference; fileEncoding = 4; lastKnownFileType = text.plist.xml; name = AppFrameworkInfo.plist; path = Flutter/AppFrameworkInfo.plist; sourceTree = "<group>"; };
		3CC8382F7856A84C96D23245 /* Endpoint.swift */ = {isa = PBXFileReference; includeInIndex = 1; lastKnownFileType = sourcecode.swift; path = Endpoint.swift; sourceTree = "<group>"; };
		3F145F193087533203014D19 /* Endpoint.swift */ = {isa = PBXFileReference; includeInIndex = 1; lastKnownFileType = sourcecode.swift; path = Endpoint.swift; sourceTree = "<group>"; };
		455D578E6EBF9669DB7631C0 /* TunnelExtension.xcconfig */ = {isa = PBXFileReference; includeInIndex = 1; lastKnownFileType = text.xcconfig; name = TunnelExtension.xcconfig; path = Flutter/TunnelExtension.xcconfig; sourceTree = SOURCE_ROOT; };
		456DA1A9465252C4A1DCEAB2 /* InterfaceConfiguration.swift */ = {isa = PBXFileReference; includeInIndex = 1; lastKnownFileType = sourcecode.swift; path = InterfaceConfiguration.swift; sourceTree = "<group>"; };
		49B0740D6277554E464DD75F /* HandshakeFreshnessEvaluator.swift */ = {isa = PBXFileReference; includeInIndex = 1; lastKnownFileType = sourcecode.swift; path = HandshakeFreshnessEvaluator.swift; sourceTree = "<group>"; };
		4CAF11FE481D451ECFE4E1C6 /* DNSServer.swift */ = {isa = PBXFileReference; includeInIndex = 1; lastKnownFileType = sourcecode.swift; path = DNSServer.swift; sourceTree = "<group>"; };
		4D9FD57F90022EC15D70A84E /* AWGTunnel-iOS.entitlements */ = {isa = PBXFileReference; includeInIndex = 1; lastKnownFileType = text.plist.entitlements; path = "AWGTunnel-iOS.entitlements"; sourceTree = "<group>"; };
		52444C0F82365CB851E34AA1 /* PacketTunnelSettingsGenerator.swift */ = {isa = PBXFileReference; includeInIndex = 1; lastKnownFileType = sourcecode.swift; path = PacketTunnelSettingsGenerator.swift; sourceTree = "<group>"; };
		58B72C1232A52EA09BE3DF85 /* Array+ConcurrentMap.swift */ = {isa = PBXFileReference; includeInIndex = 1; lastKnownFileType = sourcecode.swift; path = "Array+ConcurrentMap.swift"; sourceTree = "<group>"; };
		618C56E47089D66F27E6336A /* IPAddress+AddrInfo.swift */ = {isa = PBXFileReference; includeInIndex = 1; lastKnownFileType = sourcecode.swift; path = "IPAddress+AddrInfo.swift"; sourceTree = "<group>"; };
		61F573EA569E30CDC40949F0 /* NetworkExtension.framework */ = {isa = PBXFileReference; lastKnownFileType = wrapper.framework; name = NetworkExtension.framework; path = Platforms/iPhoneOS.platform/Developer/SDKs/iPhoneOS26.0.sdk/System/Library/Frameworks/NetworkExtension.framework; sourceTree = DEVELOPER_DIR; };
		651F4CF06B4472C2D5F8846F /* InterfaceConfiguration.swift */ = {isa = PBXFileReference; includeInIndex = 1; lastKnownFileType = sourcecode.swift; path = InterfaceConfiguration.swift; sourceTree = "<group>"; };
		652E6565381836D6BB75B62E /* TunnelConfiguration+WgQuickConfig.swift */ = {isa = PBXFileReference; includeInIndex = 1; lastKnownFileType = sourcecode.swift; path = "TunnelConfiguration+WgQuickConfig.swift"; sourceTree = "<group>"; };
		652FEC189AF40D6E843BB9D5 /* DNSResolver.swift */ = {isa = PBXFileReference; includeInIndex = 1; lastKnownFileType = sourcecode.swift; path = DNSResolver.swift; sourceTree = "<group>"; };
		6621427FD04A99ADDF44C299 /* Pods_Runner.framework */ = {isa = PBXFileReference; explicitFileType = wrapper.framework; includeInIndex = 0; path = Pods_Runner.framework; sourceTree = BUILT_PRODUCTS_DIR; };
		6884C933DC2C2AAC0EBCF57F /* PrivateKey.swift */ = {isa = PBXFileReference; includeInIndex = 1; lastKnownFileType = sourcecode.swift; path = PrivateKey.swift; sourceTree = "<group>"; };
		6EB36930CB7D19AE41484960 /* x25519.c */ = {isa = PBXFileReference; includeInIndex = 1; path = x25519.c; sourceTree = "<group>"; };
		71921F9515A0F2E56D9579D6 /* IPAddress+AddrInfo.swift */ = {isa = PBXFileReference; includeInIndex = 1; lastKnownFileType = sourcecode.swift; path = "IPAddress+AddrInfo.swift"; sourceTree = "<group>"; };
		74858FAD1ED2DC5600515810 /* Runner-Bridging-Header.h */ = {isa = PBXFileReference; lastKnownFileType = sourcecode.c.h; path = "Runner-Bridging-Header.h"; sourceTree = "<group>"; };
		74858FAE1ED2DC5600515810 /* AppDelegate.swift */ = {isa = PBXFileReference; fileEncoding = 4; lastKnownFileType = sourcecode.swift; path = AppDelegate.swift; sourceTree = "<group>"; };
		766905A4D054D2E7317129D2 /* SingboxPlatform.swift */ = {isa = PBXFileReference; includeInIndex = 1; lastKnownFileType = sourcecode.swift; path = SingboxPlatform.swift; sourceTree = "<group>"; };
		79E7A98E6574A305A599F14B /* SingboxTunnel.appex */ = {isa = PBXFileReference; explicitFileType = "wrapper.app-extension"; includeInIndex = 0; path = SingboxTunnel.appex; sourceTree = BUILT_PRODUCTS_DIR; };
		7AFA3C8E1D35360C0083082E /* Release.xcconfig */ = {isa = PBXFileReference; lastKnownFileType = text.xcconfig; name = Release.xcconfig; path = Flutter/Release.xcconfig; sourceTree = "<group>"; };
		8116CDE8862EE3AF337FA240 /* geosite-cn.srs */ = {isa = PBXFileReference; includeInIndex = 1; name = "geosite-cn.srs"; path = "../ios_macos_native/RuleSets/geosite-cn.srs"; sourceTree = SOURCE_ROOT; };
		81CAC0774442F76ED087C1BD /* IPAddressRange.swift */ = {isa = PBXFileReference; includeInIndex = 1; lastKnownFileType = sourcecode.swift; path = IPAddressRange.swift; sourceTree = "<group>"; };
		87B00BFE9FD6DB1D225BD7D4 /* Info.plist */ = {isa = PBXFileReference; includeInIndex = 1; lastKnownFileType = text.plist.xml; path = Info.plist; sourceTree = "<group>"; };
		91FF2A408699789D649B557E /* AWGTunnel.appex */ = {isa = PBXFileReference; explicitFileType = "wrapper.app-extension"; includeInIndex = 0; path = AWGTunnel.appex; sourceTree = BUILT_PRODUCTS_DIR; };
		92236CF79256723C8E539B04 /* zh-Hans */ = {isa = PBXFileReference; includeInIndex = 1; lastKnownFileType = text.plist.strings; name = "zh-Hans"; path = "zh-Hans.lproj/InfoPlist.strings"; sourceTree = "<group>"; };
		943F743F5367DEAA5930BDFE /* x25519.c */ = {isa = PBXFileReference; includeInIndex = 1; path = x25519.c; sourceTree = "<group>"; };
		9740EEB21CF90195004384FC /* Debug.xcconfig */ = {isa = PBXFileReference; fileEncoding = 4; lastKnownFileType = text.xcconfig; name = Debug.xcconfig; path = Flutter/Debug.xcconfig; sourceTree = "<group>"; };
		9740EEB31CF90195004384FC /* Generated.xcconfig */ = {isa = PBXFileReference; fileEncoding = 4; lastKnownFileType = text.xcconfig; name = Generated.xcconfig; path = Flutter/Generated.xcconfig; sourceTree = "<group>"; };
		97C146EE1CF9000F007C117D /* Runner.app */ = {isa = PBXFileReference; explicitFileType = wrapper.application; includeInIndex = 0; path = Runner.app; sourceTree = BUILT_PRODUCTS_DIR; };
		97C146FB1CF9000F007C117D /* Base */ = {isa = PBXFileReference; lastKnownFileType = file.storyboard; name = Base; path = Base.lproj/Main.storyboard; sourceTree = "<group>"; };
		97C146FD1CF9000F007C117D /* Assets.xcassets */ = {isa = PBXFileReference; lastKnownFileType = folder.assetcatalog; path = Assets.xcassets; sourceTree = "<group>"; };
		97C147001CF9000F007C117D /* Base */ = {isa = PBXFileReference; lastKnownFileType = file.storyboard; name = Base; path = Base.lproj/LaunchScreen.storyboard; sourceTree = "<group>"; };
		97C147021CF9000F007C117D /* Info.plist */ = {isa = PBXFileReference; lastKnownFileType = text.plist.xml; path = Info.plist; sourceTree = "<group>"; };
		990B32870AD53CD8E1FCFE4A /* WireGuardAdapter.swift */ = {isa = PBXFileReference; includeInIndex = 1; lastKnownFileType = sourcecode.swift; path = WireGuardAdapter.swift; sourceTree = "<group>"; };
		9A5B292EAE1764EE2E9574A7 /* TunnelConfiguration+WgQuickConfig.swift */ = {isa = PBXFileReference; includeInIndex = 1; lastKnownFileType = sourcecode.swift; path = "TunnelConfiguration+WgQuickConfig.swift"; sourceTree = "<group>"; };
		A451DCBA138879C0D31B8575 /* geoip-cn.srs */ = {isa = PBXFileReference; includeInIndex = 1; name = "geoip-cn.srs"; path = "../ios_macos_native/RuleSets/geoip-cn.srs"; sourceTree = SOURCE_ROOT; };
		A84C69C6175D5C3C4B0A359C /* String+ArrayConversion.swift */ = {isa = PBXFileReference; includeInIndex = 1; lastKnownFileType = sourcecode.swift; path = "String+ArrayConversion.swift"; sourceTree = "<group>"; };
		AD394CD4AC01BEDD5744AD34 /* Info.plist */ = {isa = PBXFileReference; includeInIndex = 1; lastKnownFileType = text.plist.xml; path = Info.plist; sourceTree = "<group>"; };
		AE64696D11886360EDC0446D /* key.c */ = {isa = PBXFileReference; includeInIndex = 1; path = key.c; sourceTree = "<group>"; };
		B862BF0C765FDC8FD62EAB1B /* TunnelLog.swift */ = {isa = PBXFileReference; includeInIndex = 1; lastKnownFileType = sourcecode.swift; path = TunnelLog.swift; sourceTree = "<group>"; };
		C092418FB4865E9DE2DD0E2F /* libresolv.tbd */ = {isa = PBXFileReference; includeInIndex = 1; name = libresolv.tbd; path = usr/lib/libresolv.tbd; sourceTree = SDKROOT; };
		C237F4EDEE38154E341D4A24 /* WireGuardKitGo.xcframework */ = {isa = PBXFileReference; includeInIndex = 1; name = WireGuardKitGo.xcframework; path = ../ios_macos_native/Frameworks/WireGuardKitGo.xcframework; sourceTree = SOURCE_ROOT; };
		C2AE538EA9BA9C35C44CE4EA /* PeerConfiguration.swift */ = {isa = PBXFileReference; includeInIndex = 1; lastKnownFileType = sourcecode.swift; path = PeerConfiguration.swift; sourceTree = "<group>"; };
		C570AC995C8D6A7C5FB789B8 /* Pods-Runner.release.xcconfig */ = {isa = PBXFileReference; includeInIndex = 1; lastKnownFileType = text.xcconfig; name = "Pods-Runner.release.xcconfig"; path = "Target Support Files/Pods-Runner/Pods-Runner.release.xcconfig"; sourceTree = "<group>"; };
		C752E94178D93FF8770EC5B5 /* DNSResolver.swift */ = {isa = PBXFileReference; includeInIndex = 1; lastKnownFileType = sourcecode.swift; path = DNSResolver.swift; sourceTree = "<group>"; };
		C8A61256409ACB18F40C5914 /* UIKit.framework */ = {isa = PBXFileReference; lastKnownFileType = wrapper.framework; name = UIKit.framework; path = Platforms/iPhoneOS.platform/Developer/SDKs/iPhoneOS26.0.sdk/System/Library/Frameworks/UIKit.framework; sourceTree = DEVELOPER_DIR; };
		CB0027628D4E78F4B6A192D6 /* PacketTunnelProvider.swift */ = {isa = PBXFileReference; includeInIndex = 1; lastKnownFileType = sourcecode.swift; path = PacketTunnelProvider.swift; sourceTree = "<group>"; };
		CC8F148F8E2FCBBE3ED471F4 /* Array+ConcurrentMap.swift */ = {isa = PBXFileReference; includeInIndex = 1; lastKnownFileType = sourcecode.swift; path = "Array+ConcurrentMap.swift"; sourceTree = "<group>"; };
		D2D5D9C53DF8E30DB98FB054 /* TunnelConfiguration.swift */ = {isa = PBXFileReference; includeInIndex = 1; lastKnownFileType = sourcecode.swift; path = TunnelConfiguration.swift; sourceTree = "<group>"; };
		D394C288C55E3C62925FCEF3 /* HandshakeFreshnessEvaluator.swift */ = {isa = PBXFileReference; includeInIndex = 1; lastKnownFileType = sourcecode.swift; path = HandshakeFreshnessEvaluator.swift; sourceTree = "<group>"; };
		D6ADC4670508D2A48C981A21 /* TunnelConfiguration.swift */ = {isa = PBXFileReference; includeInIndex = 1; lastKnownFileType = sourcecode.swift; path = TunnelConfiguration.swift; sourceTree = "<group>"; };
		D8FB7208782E381FBEA643AD /* geoip-cn.srs */ = {isa = PBXFileReference; includeInIndex = 1; name = "geoip-cn.srs"; path = "../ios_macos_native/RuleSets/geoip-cn.srs"; sourceTree = SOURCE_ROOT; };
		DA814B13BF271A13FC434A81 /* PacketTunnelProvider.swift */ = {isa = PBXFileReference; includeInIndex = 1; lastKnownFileType = sourcecode.swift; path = PacketTunnelProvider.swift; sourceTree = "<group>"; };
		E15E1FC0B08C951747DC0F37 /* String+ArrayConversion.swift */ = {isa = PBXFileReference; includeInIndex = 1; lastKnownFileType = sourcecode.swift; path = "String+ArrayConversion.swift"; sourceTree = "<group>"; };
		E2D4BC3964B450641C9562EC /* TunnelLog.swift */ = {isa = PBXFileReference; includeInIndex = 1; lastKnownFileType = sourcecode.swift; path = TunnelLog.swift; sourceTree = "<group>"; };
		E54322FC87CB9DA433A86160 /* DNSServer.swift */ = {isa = PBXFileReference; includeInIndex = 1; lastKnownFileType = sourcecode.swift; path = DNSServer.swift; sourceTree = "<group>"; };
		EADA3115753CEDDC412219DA /* SingboxPlatform.swift */ = {isa = PBXFileReference; includeInIndex = 1; lastKnownFileType = sourcecode.swift; path = SingboxPlatform.swift; sourceTree = "<group>"; };
		EBC14F7E1D0D7DE1277326D4 /* Foundation.framework */ = {isa = PBXFileReference; lastKnownFileType = wrapper.framework; name = Foundation.framework; path = Platforms/iPhoneOS.platform/Developer/SDKs/iPhoneOS26.0.sdk/System/Library/Frameworks/Foundation.framework; sourceTree = DEVELOPER_DIR; };
		F38E8EE848CC2296965BCAD0 /* AWGTunnel-Bridging-Header.h */ = {isa = PBXFileReference; includeInIndex = 1; lastKnownFileType = sourcecode.c.h; path = "AWGTunnel-Bridging-Header.h"; sourceTree = "<group>"; };
		F5F4B58611F6A9649FC13B94 /* PrivateKey.swift */ = {isa = PBXFileReference; includeInIndex = 1; lastKnownFileType = sourcecode.swift; path = PrivateKey.swift; sourceTree = "<group>"; };
		FB25F8A9EE76263B1940759F /* Pods-RunnerTests.release.xcconfig */ = {isa = PBXFileReference; includeInIndex = 1; lastKnownFileType = text.xcconfig; name = "Pods-RunnerTests.release.xcconfig"; path = "Target Support Files/Pods-RunnerTests/Pods-RunnerTests.release.xcconfig"; sourceTree = "<group>"; };
		FB8C3E5BF6F6A77122CFDF02 /* PacketTunnelProvider.swift */ = {isa = PBXFileReference; includeInIndex = 1; lastKnownFileType = sourcecode.swift; path = PacketTunnelProvider.swift; sourceTree = "<group>"; };
/* End PBXFileReference section */

/* Begin PBXFrameworksBuildPhase section */
		1CA1358B4459CB8CE7160177 /* Frameworks */ = {
			isa = PBXFrameworksBuildPhase;
			buildActionMask = 2147483647;
			files = (
				0B0D3186BA9939A1403EDB05 /* Foundation.framework in Frameworks */,
				900C14312B2A032622A9A07F /* WireGuardKitGo.xcframework in Frameworks */,
				3B50A9164D9E4F0A45B121B3 /* NetworkExtension.framework in Frameworks */,
				C3D09CD134D0BA5BBE1DBBFD /* libresolv.tbd in Frameworks */,
			);
			runOnlyForDeploymentPostprocessing = 0;
		};
		97C146EB1CF9000F007C117D /* Frameworks */ = {
			isa = PBXFrameworksBuildPhase;
			buildActionMask = 2147483647;
			files = (
				07FA620F1DFC9EA827445D27 /* Pods_Runner.framework in Frameworks */,
			);
			runOnlyForDeploymentPostprocessing = 0;
		};
		C00849EEBB326FDDC33A2701 /* Frameworks */ = {
			isa = PBXFrameworksBuildPhase;
			buildActionMask = 2147483647;
			files = (
				52D80F8C7E25C89E9FF74D92 /* Pods_RunnerTests.framework in Frameworks */,
			);
			runOnlyForDeploymentPostprocessing = 0;
		};
		D3061B9E5D88791A8B093D4D /* Frameworks */ = {
			isa = PBXFrameworksBuildPhase;
			buildActionMask = 2147483647;
			files = (
				9FF62984A98CDC5379AF00E4 /* Foundation.framework in Frameworks */,
				E390DF2BFC3F0DC8E4BDCE42 /* Libbox.xcframework in Frameworks */,
				876223ED38114D9B280AF0A6 /* NetworkExtension.framework in Frameworks */,
				1D3EE4E559F85EBF3E914948 /* SystemConfiguration.framework in Frameworks */,
				80377976418E0969C9441BEC /* UIKit.framework in Frameworks */,
				5AF83C61BDFCCA82162B8DF8 /* libresolv.tbd in Frameworks */,
			);
			runOnlyForDeploymentPostprocessing = 0;
		};
/* End PBXFrameworksBuildPhase section */

/* Begin PBXGroup section */
		09D507723674F356E0EACBA9 /* Pods */ = {
			isa = PBXGroup;
			children = (
				2DDA527272089B86AA660B18 /* Pods-Runner.debug.xcconfig */,
				C570AC995C8D6A7C5FB789B8 /* Pods-Runner.release.xcconfig */,
				30FBC2BBAFFB8D942644C506 /* Pods-Runner.profile.xcconfig */,
				0D71D9C6684CF2B8F8A05BF8 /* Pods-RunnerTests.debug.xcconfig */,
				FB25F8A9EE76263B1940759F /* Pods-RunnerTests.release.xcconfig */,
				1976FB7350D63348A102B618 /* Pods-RunnerTests.profile.xcconfig */,
			);
			name = Pods;
			path = Pods;
			sourceTree = "<group>";
		};
		1C8B09121926E077486293A3 /* WireGuardKit */ = {
			isa = PBXGroup;
			children = (
				CC8F148F8E2FCBBE3ED471F4 /* Array+ConcurrentMap.swift */,
				C752E94178D93FF8770EC5B5 /* DNSResolver.swift */,
				4CAF11FE481D451ECFE4E1C6 /* DNSServer.swift */,
				3CC8382F7856A84C96D23245 /* Endpoint.swift */,
				D394C288C55E3C62925FCEF3 /* HandshakeFreshnessEvaluator.swift */,
				618C56E47089D66F27E6336A /* IPAddress+AddrInfo.swift */,
				81CAC0774442F76ED087C1BD /* IPAddressRange.swift */,
				651F4CF06B4472C2D5F8846F /* InterfaceConfiguration.swift */,
				52444C0F82365CB851E34AA1 /* PacketTunnelSettingsGenerator.swift */,
				C2AE538EA9BA9C35C44CE4EA /* PeerConfiguration.swift */,
				6884C933DC2C2AAC0EBCF57F /* PrivateKey.swift */,
				A84C69C6175D5C3C4B0A359C /* String+ArrayConversion.swift */,
				9A5B292EAE1764EE2E9574A7 /* TunnelConfiguration+WgQuickConfig.swift */,
				D2D5D9C53DF8E30DB98FB054 /* TunnelConfiguration.swift */,
				2346965FF14B9E2FF93965BB /* WireGuardAdapter.swift */,
			);
			name = WireGuardKit;
			path = WireGuardKit;
			sourceTree = "<group>";
		};
		331C8082294A63A400263BE5 /* RunnerTests */ = {
			isa = PBXGroup;
			children = (
				331C807B294A618700263BE5 /* RunnerTests.swift */,
			);
			path = RunnerTests;
			sourceTree = "<group>";
		};
		45CF1198B4C7A21EF3A94715 /* Resources */ = {
			isa = PBXGroup;
			children = (
				D8FB7208782E381FBEA643AD /* geoip-cn.srs */,
				2C3489965159188B9184A758 /* geosite-cn.srs */,
			);
			name = Resources;
			sourceTree = "<group>";
		};
		6E4F4C05164C7E5209CB67FD /* ../Shared */ = {
			isa = PBXGroup;
			children = (
				B862BF0C765FDC8FD62EAB1B /* TunnelLog.swift */,
			);
			name = ../Shared;
			path = ../Shared;
			sourceTree = "<group>";
		};
		74C01F434292685FA1DC7F51 /* Frameworks */ = {
			isa = PBXGroup;
			children = (
				BCD54B363BA938D688F082FE /* iOS */,
				C237F4EDEE38154E341D4A24 /* WireGuardKitGo.xcframework */,
				C092418FB4865E9DE2DD0E2F /* libresolv.tbd */,
				2B2F27149D0ED53F1339D98B /* Libbox.xcframework */,
				6621427FD04A99ADDF44C299 /* Pods_Runner.framework */,
				044963A254C9E37705DD46BA /* Pods_RunnerTests.framework */,
			);
			name = Frameworks;
			sourceTree = "<group>";
		};
		85BD8C1046BFAAD5702AC996 /* SingboxTunnel */ = {
			isa = PBXGroup;
			children = (
				FB8C3E5BF6F6A77122CFDF02 /* PacketTunnelProvider.swift */,
				EADA3115753CEDDC412219DA /* SingboxPlatform.swift */,
				ED10D3413E7C856641422FE2 /* ../Shared */,
				AD394CD4AC01BEDD5744AD34 /* Info.plist */,
				32B6A2EB6ED0A26CAB8A1994 /* SingboxTunnel-iOS.entitlements */,
				45CF1198B4C7A21EF3A94715 /* Resources */,
			);
			name = SingboxTunnel;
			path = SingboxTunnel;
			sourceTree = "<group>";
		};
		90F40BEE27225D27E6676CA4 /* WireGuardKitC */ = {
			isa = PBXGroup;
			children = (
				0A01F343FA427689C7A7F1D5 /* key.c */,
				943F743F5367DEAA5930BDFE /* x25519.c */,
			);
			name = WireGuardKitC;
			path = WireGuardKitC;
			sourceTree = "<group>";
		};
		9740EEB11CF90186004384FC /* Flutter */ = {
			isa = PBXGroup;
			children = (
				3B3967151E833CAA004F5970 /* AppFrameworkInfo.plist */,
				9740EEB21CF90195004384FC /* Debug.xcconfig */,
				7AFA3C8E1D35360C0083082E /* Release.xcconfig */,
				9740EEB31CF90195004384FC /* Generated.xcconfig */,
				455D578E6EBF9669DB7631C0 /* TunnelExtension.xcconfig */,
			);
			name = Flutter;
			sourceTree = "<group>";
		};
		97C146E51CF9000F007C117D = {
			isa = PBXGroup;
			children = (
				9740EEB11CF90186004384FC /* Flutter */,
				97C146F01CF9000F007C117D /* Runner */,
				97C146EF1CF9000F007C117D /* Products */,
				331C8082294A63A400263BE5 /* RunnerTests */,
				B9452A8760F651250BA34779 /* Tunnels */,
				74C01F434292685FA1DC7F51 /* Frameworks */,
				09D507723674F356E0EACBA9 /* Pods */,
			);
			sourceTree = "<group>";
		};
		97C146EF1CF9000F007C117D /* Products */ = {
			isa = PBXGroup;
			children = (
				97C146EE1CF9000F007C117D /* Runner.app */,
				331C8081294A63A400263BE5 /* RunnerTests.xctest */,
				91FF2A408699789D649B557E /* AWGTunnel.appex */,
				79E7A98E6574A305A599F14B /* SingboxTunnel.appex */,
			);
			name = Products;
			sourceTree = "<group>";
		};
		97C146F01CF9000F007C117D /* Runner */ = {
			isa = PBXGroup;
			children = (
				97C146FA1CF9000F007C117D /* Main.storyboard */,
				97C146FD1CF9000F007C117D /* Assets.xcassets */,
				97C146FF1CF9000F007C117D /* LaunchScreen.storyboard */,
				97C147021CF9000F007C117D /* Info.plist */,
				1498D2321E8E86230040F4C2 /* GeneratedPluginRegistrant.h */,
				1498D2331E8E89220040F4C2 /* GeneratedPluginRegistrant.m */,
				74858FAE1ED2DC5600515810 /* AppDelegate.swift */,
				74858FAD1ED2DC5600515810 /* Runner-Bridging-Header.h */,
				AB50446FB7AF32038A0EAB24 /* InfoPlist.strings */,
			);
			path = Runner;
			sourceTree = "<group>";
		};
		A45DE492F0C2EE152CE160EE /* AWGTunnel */ = {
			isa = PBXGroup;
			children = (
				3640A71AF96C8E21EB55FAAD /* PacketTunnelProvider.swift */,
				6E4F4C05164C7E5209CB67FD /* ../Shared */,
				1C8B09121926E077486293A3 /* WireGuardKit */,
				90F40BEE27225D27E6676CA4 /* WireGuardKitC */,
				87B00BFE9FD6DB1D225BD7D4 /* Info.plist */,
				4D9FD57F90022EC15D70A84E /* AWGTunnel-iOS.entitlements */,
				F38E8EE848CC2296965BCAD0 /* AWGTunnel-Bridging-Header.h */,
			);
			name = AWGTunnel;
			path = AWGTunnel;
			sourceTree = "<group>";
		};
		B9452A8760F651250BA34779 /* Tunnels */ = {
			isa = PBXGroup;
			children = (
				A45DE492F0C2EE152CE160EE /* AWGTunnel */,
				85BD8C1046BFAAD5702AC996 /* SingboxTunnel */,
			);
			name = Tunnels;
			path = ../ios_macos_native;
			sourceTree = "<group>";
		};
		BCD54B363BA938D688F082FE /* iOS */ = {
			isa = PBXGroup;
			children = (
				EBC14F7E1D0D7DE1277326D4 /* Foundation.framework */,
				61F573EA569E30CDC40949F0 /* NetworkExtension.framework */,
				2E5088CD4405B36E3BCEC353 /* SystemConfiguration.framework */,
				C8A61256409ACB18F40C5914 /* UIKit.framework */,
			);
			name = iOS;
			sourceTree = "<group>";
		};
		ED10D3413E7C856641422FE2 /* ../Shared */ = {
			isa = PBXGroup;
			children = (
				E2D4BC3964B450641C9562EC /* TunnelLog.swift */,
			);
			name = ../Shared;
			path = ../Shared;
			sourceTree = "<group>";
		};
/* End PBXGroup section */

/* Begin PBXNativeTarget section */
		035D8C3B427E5E6824043FD0 /* SingboxTunnel */ = {
			isa = PBXNativeTarget;
			buildConfigurationList = C414FBEB5A6C8BD324802304 /* Build configuration list for PBXNativeTarget "SingboxTunnel" */;
			buildPhases = (
				D8EB3DFAA55A996596DB74AA /* Sources */,
				D3061B9E5D88791A8B093D4D /* Frameworks */,
				A8339A0183C67C5EC7FB43CC /* Resources */,
			);
			buildRules = (
			);
			dependencies = (
			);
			name = SingboxTunnel;
			productName = SingboxTunnel;
			productReference = 79E7A98E6574A305A599F14B /* SingboxTunnel.appex */;
			productType = "com.apple.product-type.app-extension";
		};
		331C8080294A63A400263BE5 /* RunnerTests */ = {
			isa = PBXNativeTarget;
			buildConfigurationList = 331C8087294A63A400263BE5 /* Build configuration list for PBXNativeTarget "RunnerTests" */;
			buildPhases = (
				353984F7B93FF12EBA982F32 /* [CP] Check Pods Manifest.lock */,
				331C807D294A63A400263BE5 /* Sources */,
				331C807F294A63A400263BE5 /* Resources */,
				C00849EEBB326FDDC33A2701 /* Frameworks */,
			);
			buildRules = (
			);
			dependencies = (
				331C8086294A63A400263BE5 /* PBXTargetDependency */,
			);
			name = RunnerTests;
			productName = RunnerTests;
			productReference = 331C8081294A63A400263BE5 /* RunnerTests.xctest */;
			productType = "com.apple.product-type.bundle.unit-test";
		};
		97C146ED1CF9000F007C117D /* Runner */ = {
			isa = PBXNativeTarget;
			buildConfigurationList = 97C147051CF9000F007C117D /* Build configuration list for PBXNativeTarget "Runner" */;
			buildPhases = (
				CD6A5501BC4651905BA696B1 /* [CP] Check Pods Manifest.lock */,
				9740EEB61CF901F6004384FC /* Run Script */,
				97C146EA1CF9000F007C117D /* Sources */,
				97C146EB1CF9000F007C117D /* Frameworks */,
				97C146EC1CF9000F007C117D /* Resources */,
				9705A1C41CF9048500538489 /* Embed Frameworks */,
				FEEA5AF92CFB28BF9BB59590 /* Embed Foundation Extensions */,
				3B06AD1E1E4923F5004D2608 /* Thin Binary */,
				830CBD41034373D5232A5C2F /* [CP] Embed Pods Frameworks */,
				4605C73896D0B2E8EF1E5B2B /* [CP] Copy Pods Resources */,
			);
			buildRules = (
			);
			dependencies = (
				FF9ADCCEE77130D8C0EA5162 /* PBXTargetDependency */,
				5519B22212F77E5454F2DFCF /* PBXTargetDependency */,
			);
			name = Runner;
			productName = Runner;
			productReference = 97C146EE1CF9000F007C117D /* Runner.app */;
			productType = "com.apple.product-type.application";
		};
		D0B029319B7E9B8E91B94F65 /* AWGTunnel */ = {
			isa = PBXNativeTarget;
			buildConfigurationList = C67357A47CFD0FDD08F77ABB /* Build configuration list for PBXNativeTarget "AWGTunnel" */;
			buildPhases = (
				A946D393442690FB558C5928 /* Sources */,
				1CA1358B4459CB8CE7160177 /* Frameworks */,
				BDB6D4B5918A113F0E4E8EFB /* Resources */,
			);
			buildRules = (
			);
			dependencies = (
			);
			name = AWGTunnel;
			productName = AWGTunnel;
			productReference = 91FF2A408699789D649B557E /* AWGTunnel.appex */;
			productType = "com.apple.product-type.app-extension";
		};
/* End PBXNativeTarget section */

/* Begin PBXProject section */
		97C146E61CF9000F007C117D /* Project object */ = {
			isa = PBXProject;
			attributes = {
				BuildIndependentTargetsInParallel = YES;
				LastUpgradeCheck = 1510;
				ORGANIZATIONNAME = "";
				TargetAttributes = {
					331C8080294A63A400263BE5 = {
						CreatedOnToolsVersion = 14.0;
						TestTargetID = 97C146ED1CF9000F007C117D;
					};
					97C146ED1CF9000F007C117D = {
						CreatedOnToolsVersion = 7.3.1;
						LastSwiftMigration = 1100;
					};
				};
			};
			buildConfigurationList = 97C146E91CF9000F007C117D /* Build configuration list for PBXProject "Runner" */;
			compatibilityVersion = "Xcode 9.3";
			developmentRegion = en;
			hasScannedForEncodings = 0;
			knownRegions = (
				en,
				Base,
				"zh-Hans",
			);
			mainGroup = 97C146E51CF9000F007C117D;
			productRefGroup = 97C146EF1CF9000F007C117D /* Products */;
			projectDirPath = "";
			projectRoot = "";
			targets = (
				97C146ED1CF9000F007C117D /* Runner */,
				331C8080294A63A400263BE5 /* RunnerTests */,
				D0B029319B7E9B8E91B94F65 /* AWGTunnel */,
				035D8C3B427E5E6824043FD0 /* SingboxTunnel */,
			);
		};
/* End PBXProject section */

/* Begin PBXResourcesBuildPhase section */
		331C807F294A63A400263BE5 /* Resources */ = {
			isa = PBXResourcesBuildPhase;
			buildActionMask = 2147483647;
			files = (
			);
			runOnlyForDeploymentPostprocessing = 0;
		};
		97C146EC1CF9000F007C117D /* Resources */ = {
			isa = PBXResourcesBuildPhase;
			buildActionMask = 2147483647;
			files = (
				97C147011CF9000F007C117D /* LaunchScreen.storyboard in Resources */,
				3B3967161E833CAA004F5970 /* AppFrameworkInfo.plist in Resources */,
				97C146FE1CF9000F007C117D /* Assets.xcassets in Resources */,
				97C146FC1CF9000F007C117D /* Main.storyboard in Resources */,
				4447D5E32D737591BB4F35A0 /* InfoPlist.strings in Resources */,
			);
			runOnlyForDeploymentPostprocessing = 0;
		};
		A8339A0183C67C5EC7FB43CC /* Resources */ = {
			isa = PBXResourcesBuildPhase;
			buildActionMask = 2147483647;
			files = (
				A156E665DE44F33DE95D2D7D /* geoip-cn.srs in Resources */,
				81B3AED27E9CBCF652CAF9BC /* geosite-cn.srs in Resources */,
			);
			runOnlyForDeploymentPostprocessing = 0;
		};
		BDB6D4B5918A113F0E4E8EFB /* Resources */ = {
			isa = PBXResourcesBuildPhase;
			buildActionMask = 2147483647;
			files = (
			);
			runOnlyForDeploymentPostprocessing = 0;
		};
/* End PBXResourcesBuildPhase section */

/* Begin PBXShellScriptBuildPhase section */
		353984F7B93FF12EBA982F32 /* [CP] Check Pods Manifest.lock */ = {
			isa = PBXShellScriptBuildPhase;
			buildActionMask = 2147483647;
			files = (
			);
			inputFileListPaths = (
			);
			inputPaths = (
				"${PODS_PODFILE_DIR_PATH}/Podfile.lock",
				"${PODS_ROOT}/Manifest.lock",
			);
			name = "[CP] Check Pods Manifest.lock";
			outputFileListPaths = (
			);
			outputPaths = (
				"$(DERIVED_FILE_DIR)/Pods-RunnerTests-checkManifestLockResult.txt",
			);
			runOnlyForDeploymentPostprocessing = 0;
			shellPath = /bin/sh;
			shellScript = "diff \"${PODS_PODFILE_DIR_PATH}/Podfile.lock\" \"${PODS_ROOT}/Manifest.lock\" > /dev/null\nif [ $? != 0 ] ; then\n    # print error to STDERR\n    echo \"error: The sandbox is not in sync with the Podfile.lock. Run 'pod install' or update your CocoaPods installation.\" >&2\n    exit 1\nfi\n# This output is used by Xcode 'outputs' to avoid re-running this script phase.\necho \"SUCCESS\" > \"${SCRIPT_OUTPUT_FILE_0}\"\n";
			showEnvVarsInLog = 0;
		};
		3B06AD1E1E4923F5004D2608 /* Thin Binary */ = {
			isa = PBXShellScriptBuildPhase;
			alwaysOutOfDate = 1;
			buildActionMask = 2147483647;
			files = (
			);
			inputPaths = (
				"${TARGET_BUILD_DIR}/${INFOPLIST_PATH}",
			);
			name = "Thin Binary";
			outputPaths = (
			);
			runOnlyForDeploymentPostprocessing = 0;
			shellPath = /bin/sh;
			shellScript = "/bin/sh \"$FLUTTER_ROOT/packages/flutter_tools/bin/xcode_backend.sh\" embed_and_thin";
		};
		4605C73896D0B2E8EF1E5B2B /* [CP] Copy Pods Resources */ = {
			isa = PBXShellScriptBuildPhase;
			buildActionMask = 2147483647;
			files = (
			);
			inputFileListPaths = (
				"${PODS_ROOT}/Target Support Files/Pods-Runner/Pods-Runner-resources-${CONFIGURATION}-input-files.xcfilelist",
			);
			name = "[CP] Copy Pods Resources";
			outputFileListPaths = (
				"${PODS_ROOT}/Target Support Files/Pods-Runner/Pods-Runner-resources-${CONFIGURATION}-output-files.xcfilelist",
			);
			runOnlyForDeploymentPostprocessing = 0;
			shellPath = /bin/sh;
			shellScript = "\"${PODS_ROOT}/Target Support Files/Pods-Runner/Pods-Runner-resources.sh\"\n";
			showEnvVarsInLog = 0;
		};
		830CBD41034373D5232A5C2F /* [CP] Embed Pods Frameworks */ = {
			isa = PBXShellScriptBuildPhase;
			buildActionMask = 2147483647;
			files = (
			);
			inputFileListPaths = (
				"${PODS_ROOT}/Target Support Files/Pods-Runner/Pods-Runner-frameworks-${CONFIGURATION}-input-files.xcfilelist",
			);
			name = "[CP] Embed Pods Frameworks";
			outputFileListPaths = (
				"${PODS_ROOT}/Target Support Files/Pods-Runner/Pods-Runner-frameworks-${CONFIGURATION}-output-files.xcfilelist",
			);
			runOnlyForDeploymentPostprocessing = 0;
			shellPath = /bin/sh;
			shellScript = "\"${PODS_ROOT}/Target Support Files/Pods-Runner/Pods-Runner-frameworks.sh\"\n";
			showEnvVarsInLog = 0;
		};
		9740EEB61CF901F6004384FC /* Run Script */ = {
			isa = PBXShellScriptBuildPhase;
			alwaysOutOfDate = 1;
			buildActionMask = 2147483647;
			files = (
			);
			inputPaths = (
			);
			name = "Run Script";
			outputPaths = (
			);
			runOnlyForDeploymentPostprocessing = 0;
			shellPath = /bin/sh;
			shellScript = "/bin/sh \"$FLUTTER_ROOT/packages/flutter_tools/bin/xcode_backend.sh\" build";
		};
		CD6A5501BC4651905BA696B1 /* [CP] Check Pods Manifest.lock */ = {
			isa = PBXShellScriptBuildPhase;
			buildActionMask = 2147483647;
			files = (
			);
			inputFileListPaths = (
			);
			inputPaths = (
				"${PODS_PODFILE_DIR_PATH}/Podfile.lock",
				"${PODS_ROOT}/Manifest.lock",
			);
			name = "[CP] Check Pods Manifest.lock";
			outputFileListPaths = (
			);
			outputPaths = (
				"$(DERIVED_FILE_DIR)/Pods-Runner-checkManifestLockResult.txt",
			);
			runOnlyForDeploymentPostprocessing = 0;
			shellPath = /bin/sh;
			shellScript = "diff \"${PODS_PODFILE_DIR_PATH}/Podfile.lock\" \"${PODS_ROOT}/Manifest.lock\" > /dev/null\nif [ $? != 0 ] ; then\n    # print error to STDERR\n    echo \"error: The sandbox is not in sync with the Podfile.lock. Run 'pod install' or update your CocoaPods installation.\" >&2\n    exit 1\nfi\n# This output is used by Xcode 'outputs' to avoid re-running this script phase.\necho \"SUCCESS\" > \"${SCRIPT_OUTPUT_FILE_0}\"\n";
			showEnvVarsInLog = 0;
		};
/* End PBXShellScriptBuildPhase section */

/* Begin PBXSourcesBuildPhase section */
		331C807D294A63A400263BE5 /* Sources */ = {
			isa = PBXSourcesBuildPhase;
			buildActionMask = 2147483647;
			files = (
				331C808B294A63AB00263BE5 /* RunnerTests.swift in Sources */,
			);
			runOnlyForDeploymentPostprocessing = 0;
		};
		97C146EA1CF9000F007C117D /* Sources */ = {
			isa = PBXSourcesBuildPhase;
			buildActionMask = 2147483647;
			files = (
				74858FAF1ED2DC5600515810 /* AppDelegate.swift in Sources */,
				1498D2341E8E89220040F4C2 /* GeneratedPluginRegistrant.m in Sources */,
			);
			runOnlyForDeploymentPostprocessing = 0;
		};
		A946D393442690FB558C5928 /* Sources */ = {
			isa = PBXSourcesBuildPhase;
			buildActionMask = 2147483647;
			files = (
				F130D8059E063FAE263B13C3 /* PacketTunnelProvider.swift in Sources */,
				9485592439F25EA43765730E /* TunnelLog.swift in Sources */,
				CE32F33001940BDBFDA2750B /* Array+ConcurrentMap.swift in Sources */,
				2D4A89F5AE841E1F0A95CF82 /* DNSResolver.swift in Sources */,
				AB1102A16B560BF80F8BC207 /* DNSServer.swift in Sources */,
				AC06F30104C3A2C7C4258CA8 /* Endpoint.swift in Sources */,
				813D2128CFC375C0EE62B397 /* HandshakeFreshnessEvaluator.swift in Sources */,
				780C7CF01BC9B9A876FB27AA /* IPAddress+AddrInfo.swift in Sources */,
				B88446BB143F66EEB0BEBFC9 /* IPAddressRange.swift in Sources */,
				D75DEA9CB12F40E96D3FBAA8 /* InterfaceConfiguration.swift in Sources */,
				C9E430D2BD06ACCA1EE9F0C3 /* PacketTunnelSettingsGenerator.swift in Sources */,
				3766D68251B2687C695B9ECF /* PeerConfiguration.swift in Sources */,
				F1558FA42BAD6DCE96B43024 /* PrivateKey.swift in Sources */,
				BF149DFAA2F6CBA338789613 /* String+ArrayConversion.swift in Sources */,
				87A71917019C85C8B08555B5 /* TunnelConfiguration+WgQuickConfig.swift in Sources */,
				3779EFFCDDAFF18D37151CC7 /* TunnelConfiguration.swift in Sources */,
				C7812249264BDB5CC530A1AB /* WireGuardAdapter.swift in Sources */,
				ECCF2FB8EB9F902D8F4FC2B0 /* key.c in Sources */,
				98888790EF0E3A4E577954E4 /* x25519.c in Sources */,
			);
			runOnlyForDeploymentPostprocessing = 0;
		};
		D8EB3DFAA55A996596DB74AA /* Sources */ = {
			isa = PBXSourcesBuildPhase;
			buildActionMask = 2147483647;
			files = (
				B2698B176579F5AC8155834F /* PacketTunnelProvider.swift in Sources */,
				71D5AFC46EB5E6C163FA3DB6 /* SingboxPlatform.swift in Sources */,
				A4FF0E6A2810EC82C71F6752 /* TunnelLog.swift in Sources */,
			);
			runOnlyForDeploymentPostprocessing = 0;
		};
/* End PBXSourcesBuildPhase section */

/* Begin PBXTargetDependency section */
		331C8086294A63A400263BE5 /* PBXTargetDependency */ = {
			isa = PBXTargetDependency;
			target = 97C146ED1CF9000F007C117D /* Runner */;
			targetProxy = 331C8085294A63A400263BE5 /* PBXContainerItemProxy */;
		};
		5519B22212F77E5454F2DFCF /* PBXTargetDependency */ = {
			isa = PBXTargetDependency;
			name = SingboxTunnel;
			target = 035D8C3B427E5E6824043FD0 /* SingboxTunnel */;
			targetProxy = 1F94B743C603B30AB02C8D66 /* PBXContainerItemProxy */;
		};
		FF9ADCCEE77130D8C0EA5162 /* PBXTargetDependency */ = {
			isa = PBXTargetDependency;
			name = AWGTunnel;
			target = D0B029319B7E9B8E91B94F65 /* AWGTunnel */;
			targetProxy = F36B02F5BBD82300A2CBDFAE /* PBXContainerItemProxy */;
		};
/* End PBXTargetDependency section */

/* Begin PBXVariantGroup section */
		97C146FA1CF9000F007C117D /* Main.storyboard */ = {
			isa = PBXVariantGroup;
			children = (
				97C146FB1CF9000F007C117D /* Base */,
			);
			name = Main.storyboard;
			sourceTree = "<group>";
		};
		97C146FF1CF9000F007C117D /* LaunchScreen.storyboard */ = {
			isa = PBXVariantGroup;
			children = (
				97C147001CF9000F007C117D /* Base */,
			);
			name = LaunchScreen.storyboard;
			sourceTree = "<group>";
		};
		AB50446FB7AF32038A0EAB24 /* InfoPlist.strings */ = {
			isa = PBXVariantGroup;
			children = (
				0161578FF1756985BC41EE5D /* en */,
				92236CF79256723C8E539B04 /* zh-Hans */,
			);
			name = InfoPlist.strings;
			sourceTree = "<group>";
		};
/* End PBXVariantGroup section */

/* Begin XCBuildConfiguration section */
		0338DD7AF9D228657B18925D /* Profile */ = {
			isa = XCBuildConfiguration;
			baseConfigurationReference = 455D578E6EBF9669DB7631C0 /* TunnelExtension.xcconfig */;
			buildSettings = {
				APPLICATION_EXTENSION_API_ONLY = YES;
				CLANG_ENABLE_MODULES = YES;
				CLANG_ENABLE_OBJC_WEAK = NO;
				CODE_SIGN_ENTITLEMENTS = "../ios_macos_native/SingboxTunnel/SingboxTunnel-iOS.entitlements";
				CODE_SIGN_STYLE = Automatic;
				DEAD_CODE_STRIPPING = YES;
				ENABLE_BITCODE = NO;
				INFOPLIST_FILE = ../ios_macos_native/SingboxTunnel/Info.plist;
				IPHONEOS_DEPLOYMENT_TARGET = 15.0;
				LD_RUNPATH_SEARCH_PATHS = (
					"$(inherited)",
					"@executable_path/Frameworks",
					"@executable_path/../../Frameworks",
				);
				PRODUCT_BUNDLE_IDENTIFIER = com.mirrorspeed.mirrorspeedVpn.PacketTunnel;
				PRODUCT_NAME = "$(TARGET_NAME)";
				SDKROOT = iphoneos;
				SKIP_INSTALL = YES;
				SWIFT_OPTIMIZATION_LEVEL = "-O";
				SWIFT_VERSION = 5.0;
				TARGETED_DEVICE_FAMILY = "1,2";
				VALIDATE_PRODUCT = YES;
			};
			name = Profile;
		};
		15E880948EDC1C8BDB0F065D /* Release */ = {
			isa = XCBuildConfiguration;
			baseConfigurationReference = 455D578E6EBF9669DB7631C0 /* TunnelExtension.xcconfig */;
			buildSettings = {
				APPLICATION_EXTENSION_API_ONLY = YES;
				CLANG_ENABLE_MODULES = YES;
				CLANG_ENABLE_OBJC_WEAK = NO;
				CODE_SIGN_ENTITLEMENTS = "../ios_macos_native/SingboxTunnel/SingboxTunnel-iOS.entitlements";
				CODE_SIGN_STYLE = Automatic;
				DEAD_CODE_STRIPPING = YES;
				ENABLE_BITCODE = NO;
				INFOPLIST_FILE = ../ios_macos_native/SingboxTunnel/Info.plist;
				IPHONEOS_DEPLOYMENT_TARGET = 15.0;
				LD_RUNPATH_SEARCH_PATHS = (
					"$(inherited)",
					"@executable_path/Frameworks",
					"@executable_path/../../Frameworks",
				);
				PRODUCT_BUNDLE_IDENTIFIER = com.mirrorspeed.mirrorspeedVpn.PacketTunnel;
				PRODUCT_NAME = "$(TARGET_NAME)";
				SDKROOT = iphoneos;
				SKIP_INSTALL = YES;
				SWIFT_OPTIMIZATION_LEVEL = "-O";
				SWIFT_VERSION = 5.0;
				TARGETED_DEVICE_FAMILY = "1,2";
				VALIDATE_PRODUCT = YES;
			};
			name = Release;
		};
		21EF44E2AE257BC64DBDE25A /* Debug */ = {
			isa = XCBuildConfiguration;
			baseConfigurationReference = 455D578E6EBF9669DB7631C0 /* TunnelExtension.xcconfig */;
			buildSettings = {
				APPLICATION_EXTENSION_API_ONLY = YES;
				CLANG_ENABLE_MODULES = YES;
				CLANG_ENABLE_OBJC_WEAK = NO;
				CODE_SIGN_ENTITLEMENTS = "../ios_macos_native/SingboxTunnel/SingboxTunnel-iOS.entitlements";
				CODE_SIGN_STYLE = Automatic;
				DEAD_CODE_STRIPPING = YES;
				ENABLE_BITCODE = NO;
				INFOPLIST_FILE = ../ios_macos_native/SingboxTunnel/Info.plist;
				IPHONEOS_DEPLOYMENT_TARGET = 15.0;
				LD_RUNPATH_SEARCH_PATHS = (
					"$(inherited)",
					"@executable_path/Frameworks",
					"@executable_path/../../Frameworks",
				);
				PRODUCT_BUNDLE_IDENTIFIER = com.mirrorspeed.mirrorspeedVpn.PacketTunnel;
				PRODUCT_NAME = "$(TARGET_NAME)";
				SDKROOT = iphoneos;
				SKIP_INSTALL = YES;
				SWIFT_OPTIMIZATION_LEVEL = "-Onone";
				SWIFT_VERSION = 5.0;
				TARGETED_DEVICE_FAMILY = "1,2";
			};
			name = Debug;
		};
		249021D3217E4FDB00AE95B9 /* Profile */ = {
			isa = XCBuildConfiguration;
			buildSettings = {
				ALWAYS_SEARCH_USER_PATHS = NO;
				ASSETCATALOG_COMPILER_GENERATE_SWIFT_ASSET_SYMBOL_EXTENSIONS = YES;
				CLANG_ANALYZER_NONNULL = YES;
				CLANG_CXX_LANGUAGE_STANDARD = "gnu++0x";
				CLANG_CXX_LIBRARY = "libc++";
				CLANG_ENABLE_MODULES = YES;
				CLANG_ENABLE_OBJC_ARC = YES;
				CLANG_WARN_BLOCK_CAPTURE_AUTORELEASING = YES;
				CLANG_WARN_BOOL_CONVERSION = YES;
				CLANG_WARN_COMMA = YES;
				CLANG_WARN_CONSTANT_CONVERSION = YES;
				CLANG_WARN_DEPRECATED_OBJC_IMPLEMENTATIONS = YES;
				CLANG_WARN_DIRECT_OBJC_ISA_USAGE = YES_ERROR;
				CLANG_WARN_EMPTY_BODY = YES;
				CLANG_WARN_ENUM_CONVERSION = YES;
				CLANG_WARN_INFINITE_RECURSION = YES;
				CLANG_WARN_INT_CONVERSION = YES;
				CLANG_WARN_NON_LITERAL_NULL_CONVERSION = YES;
				CLANG_WARN_OBJC_IMPLICIT_RETAIN_SELF = YES;
				CLANG_WARN_OBJC_LITERAL_CONVERSION = YES;
				CLANG_WARN_OBJC_ROOT_CLASS = YES_ERROR;
				CLANG_WARN_RANGE_LOOP_ANALYSIS = YES;
				CLANG_WARN_STRICT_PROTOTYPES = YES;
				CLANG_WARN_SUSPICIOUS_MOVE = YES;
				CLANG_WARN_UNREACHABLE_CODE = YES;
				CLANG_WARN__DUPLICATE_METHOD_MATCH = YES;
				"CODE_SIGN_IDENTITY[sdk=iphoneos*]" = "iPhone Developer";
				COPY_PHASE_STRIP = NO;
				DEBUG_INFORMATION_FORMAT = "dwarf-with-dsym";
				ENABLE_NS_ASSERTIONS = NO;
				ENABLE_STRICT_OBJC_MSGSEND = YES;
				ENABLE_USER_SCRIPT_SANDBOXING = NO;
				GCC_C_LANGUAGE_STANDARD = gnu99;
				GCC_NO_COMMON_BLOCKS = YES;
				GCC_WARN_64_TO_32_BIT_CONVERSION = YES;
				GCC_WARN_ABOUT_RETURN_TYPE = YES_ERROR;
				GCC_WARN_UNDECLARED_SELECTOR = YES;
				GCC_WARN_UNINITIALIZED_AUTOS = YES_AGGRESSIVE;
				GCC_WARN_UNUSED_FUNCTION = YES;
				GCC_WARN_UNUSED_VARIABLE = YES;
				IPHONEOS_DEPLOYMENT_TARGET = 15.0;
				MTL_ENABLE_DEBUG_INFO = NO;
				SDKROOT = iphoneos;
				SUPPORTED_PLATFORMS = iphoneos;
				TARGETED_DEVICE_FAMILY = "1,2";
				VALIDATE_PRODUCT = YES;
			};
			name = Profile;
		};
		249021D4217E4FDB00AE95B9 /* Profile */ = {
			isa = XCBuildConfiguration;
			baseConfigurationReference = 7AFA3C8E1D35360C0083082E /* Release.xcconfig */;
			buildSettings = {
				ASSETCATALOG_COMPILER_APPICON_NAME = AppIcon;
				CLANG_ENABLE_MODULES = YES;
				CODE_SIGN_ENTITLEMENTS = Runner/Runner.entitlements;
				CURRENT_PROJECT_VERSION = "$(FLUTTER_BUILD_NUMBER)";
				ENABLE_BITCODE = NO;
				INFOPLIST_FILE = Runner/Info.plist;
				LD_RUNPATH_SEARCH_PATHS = (
					"$(inherited)",
					"@executable_path/Frameworks",
				);
				PRODUCT_BUNDLE_IDENTIFIER = com.mirrorspeed.mirrorspeedVpn;
				PRODUCT_NAME = "$(TARGET_NAME)";
				SWIFT_OBJC_BRIDGING_HEADER = "Runner/Runner-Bridging-Header.h";
				SWIFT_VERSION = 5.0;
				VERSIONING_SYSTEM = "apple-generic";
			};
			name = Profile;
		};
		331C8088294A63A400263BE5 /* Debug */ = {
			isa = XCBuildConfiguration;
			baseConfigurationReference = 0D71D9C6684CF2B8F8A05BF8 /* Pods-RunnerTests.debug.xcconfig */;
			buildSettings = {
				BUNDLE_LOADER = "$(TEST_HOST)";
				CODE_SIGN_STYLE = Automatic;
				CURRENT_PROJECT_VERSION = 1;
				GENERATE_INFOPLIST_FILE = YES;
				MARKETING_VERSION = 1.0;
				PRODUCT_BUNDLE_IDENTIFIER = com.mirrorspeed.mirrorspeedVpn.RunnerTests;
				PRODUCT_NAME = "$(TARGET_NAME)";
				SWIFT_ACTIVE_COMPILATION_CONDITIONS = DEBUG;
				SWIFT_OPTIMIZATION_LEVEL = "-Onone";
				SWIFT_VERSION = 5.0;
				TEST_HOST = "$(BUILT_PRODUCTS_DIR)/Runner.app/$(BUNDLE_EXECUTABLE_FOLDER_PATH)/Runner";
			};
			name = Debug;
		};
		331C8089294A63A400263BE5 /* Release */ = {
			isa = XCBuildConfiguration;
			baseConfigurationReference = FB25F8A9EE76263B1940759F /* Pods-RunnerTests.release.xcconfig */;
			buildSettings = {
				BUNDLE_LOADER = "$(TEST_HOST)";
				CODE_SIGN_STYLE = Automatic;
				CURRENT_PROJECT_VERSION = 1;
				GENERATE_INFOPLIST_FILE = YES;
				MARKETING_VERSION = 1.0;
				PRODUCT_BUNDLE_IDENTIFIER = com.mirrorspeed.mirrorspeedVpn.RunnerTests;
				PRODUCT_NAME = "$(TARGET_NAME)";
				SWIFT_VERSION = 5.0;
				TEST_HOST = "$(BUILT_PRODUCTS_DIR)/Runner.app/$(BUNDLE_EXECUTABLE_FOLDER_PATH)/Runner";
			};
			name = Release;
		};
		331C808A294A63A400263BE5 /* Profile */ = {
			isa = XCBuildConfiguration;
			baseConfigurationReference = 1976FB7350D63348A102B618 /* Pods-RunnerTests.profile.xcconfig */;
			buildSettings = {
				BUNDLE_LOADER = "$(TEST_HOST)";
				CODE_SIGN_STYLE = Automatic;
				CURRENT_PROJECT_VERSION = 1;
				GENERATE_INFOPLIST_FILE = YES;
				MARKETING_VERSION = 1.0;
				PRODUCT_BUNDLE_IDENTIFIER = com.mirrorspeed.mirrorspeedVpn.RunnerTests;
				PRODUCT_NAME = "$(TARGET_NAME)";
				SWIFT_VERSION = 5.0;
				TEST_HOST = "$(BUILT_PRODUCTS_DIR)/Runner.app/$(BUNDLE_EXECUTABLE_FOLDER_PATH)/Runner";
			};
			name = Profile;
		};
		41DD1AF60507A81146923C75 /* Profile */ = {
			isa = XCBuildConfiguration;
			baseConfigurationReference = 455D578E6EBF9669DB7631C0 /* TunnelExtension.xcconfig */;
			buildSettings = {
				APPLICATION_EXTENSION_API_ONLY = YES;
				CLANG_ENABLE_MODULES = YES;
				CLANG_ENABLE_OBJC_WEAK = NO;
				CODE_SIGN_ENTITLEMENTS = "../ios_macos_native/SingboxTunnel/SingboxTunnel-iOS.entitlements";
				CODE_SIGN_STYLE = Automatic;
				DEAD_CODE_STRIPPING = YES;
				ENABLE_BITCODE = NO;
				INFOPLIST_FILE = ../ios_macos_native/SingboxTunnel/Info.plist;
				IPHONEOS_DEPLOYMENT_TARGET = 15.0;
				LD_RUNPATH_SEARCH_PATHS = (
					"$(inherited)",
					"@executable_path/Frameworks",
					"@executable_path/../../Frameworks",
				);
				PRODUCT_BUNDLE_IDENTIFIER = com.mirrorspeed.mirrorspeedVpn.PacketTunnel;
				PRODUCT_NAME = "$(TARGET_NAME)";
				SDKROOT = iphoneos;
				SKIP_INSTALL = YES;
				SWIFT_OPTIMIZATION_LEVEL = "-O";
				SWIFT_VERSION = 5.0;
				TARGETED_DEVICE_FAMILY = "1,2";
				VALIDATE_PRODUCT = YES;
			};
			name = Profile;
		};
		46BD881DBA8537EE539D0C63 /* Debug */ = {
			isa = XCBuildConfiguration;
			baseConfigurationReference = 455D578E6EBF9669DB7631C0 /* TunnelExtension.xcconfig */;
			buildSettings = {
				APPLICATION_EXTENSION_API_ONLY = YES;
				CLANG_ENABLE_MODULES = YES;
				CLANG_ENABLE_OBJC_WEAK = NO;
				CODE_SIGN_ENTITLEMENTS = "../ios_macos_native/AWGTunnel/AWGTunnel-iOS.entitlements";
				CODE_SIGN_STYLE = Automatic;
				DEAD_CODE_STRIPPING = YES;
				ENABLE_BITCODE = NO;
				HEADER_SEARCH_PATHS = (
					"$(inherited)",
					"$(SRCROOT)/../ios_macos_native/AWGTunnel",
				);
				INFOPLIST_FILE = ../ios_macos_native/AWGTunnel/Info.plist;
				IPHONEOS_DEPLOYMENT_TARGET = 15.0;
				LD_RUNPATH_SEARCH_PATHS = (
					"$(inherited)",
					"@executable_path/Frameworks",
					"@executable_path/../../Frameworks",
				);
				PRODUCT_BUNDLE_IDENTIFIER = com.mirrorspeed.mirrorspeedVpn.AWGTunnel;
				PRODUCT_NAME = "$(TARGET_NAME)";
				SDKROOT = iphoneos;
				SKIP_INSTALL = YES;
				SWIFT_OBJC_BRIDGING_HEADER = "../ios_macos_native/AWGTunnel/AWGTunnel-Bridging-Header.h";
				SWIFT_OPTIMIZATION_LEVEL = "-Onone";
				SWIFT_VERSION = 5.0;
				TARGETED_DEVICE_FAMILY = "1,2";
			};
			name = Debug;
		};
		47AFEF5E76FB357570338A8D /* Debug */ = {
			isa = XCBuildConfiguration;
			baseConfigurationReference = 455D578E6EBF9669DB7631C0 /* TunnelExtension.xcconfig */;
			buildSettings = {
				APPLICATION_EXTENSION_API_ONLY = YES;
				CLANG_ENABLE_MODULES = YES;
				CLANG_ENABLE_OBJC_WEAK = NO;
				CODE_SIGN_ENTITLEMENTS = "../ios_macos_native/AWGTunnel/AWGTunnel-iOS.entitlements";
				CODE_SIGN_STYLE = Automatic;
				DEAD_CODE_STRIPPING = YES;
				ENABLE_BITCODE = NO;
				HEADER_SEARCH_PATHS = (
					"$(inherited)",
					"$(SRCROOT)/../ios_macos_native/AWGTunnel",
				);
				INFOPLIST_FILE = ../ios_macos_native/AWGTunnel/Info.plist;
				IPHONEOS_DEPLOYMENT_TARGET = 15.0;
				LD_RUNPATH_SEARCH_PATHS = (
					"$(inherited)",
					"@executable_path/Frameworks",
					"@executable_path/../../Frameworks",
				);
				PRODUCT_BUNDLE_IDENTIFIER = com.mirrorspeed.mirrorspeedVpn.AWGTunnel;
				PRODUCT_NAME = "$(TARGET_NAME)";
				SDKROOT = iphoneos;
				SKIP_INSTALL = YES;
				SWIFT_OBJC_BRIDGING_HEADER = "../ios_macos_native/AWGTunnel/AWGTunnel-Bridging-Header.h";
				SWIFT_OPTIMIZATION_LEVEL = "-Onone";
				SWIFT_VERSION = 5.0;
				TARGETED_DEVICE_FAMILY = "1,2";
			};
			name = Debug;
		};
		97C147031CF9000F007C117D /* Debug */ = {
			isa = XCBuildConfiguration;
			buildSettings = {
				ALWAYS_SEARCH_USER_PATHS = NO;
				ASSETCATALOG_COMPILER_GENERATE_SWIFT_ASSET_SYMBOL_EXTENSIONS = YES;
				CLANG_ANALYZER_NONNULL = YES;
				CLANG_CXX_LANGUAGE_STANDARD = "gnu++0x";
				CLANG_CXX_LIBRARY = "libc++";
				CLANG_ENABLE_MODULES = YES;
				CLANG_ENABLE_OBJC_ARC = YES;
				CLANG_WARN_BLOCK_CAPTURE_AUTORELEASING = YES;
				CLANG_WARN_BOOL_CONVERSION = YES;
				CLANG_WARN_COMMA = YES;
				CLANG_WARN_CONSTANT_CONVERSION = YES;
				CLANG_WARN_DEPRECATED_OBJC_IMPLEMENTATIONS = YES;
				CLANG_WARN_DIRECT_OBJC_ISA_USAGE = YES_ERROR;
				CLANG_WARN_EMPTY_BODY = YES;
				CLANG_WARN_ENUM_CONVERSION = YES;
				CLANG_WARN_INFINITE_RECURSION = YES;
				CLANG_WARN_INT_CONVERSION = YES;
				CLANG_WARN_NON_LITERAL_NULL_CONVERSION = YES;
				CLANG_WARN_OBJC_IMPLICIT_RETAIN_SELF = YES;
				CLANG_WARN_OBJC_LITERAL_CONVERSION = YES;
				CLANG_WARN_OBJC_ROOT_CLASS = YES_ERROR;
				CLANG_WARN_RANGE_LOOP_ANALYSIS = YES;
				CLANG_WARN_STRICT_PROTOTYPES = YES;
				CLANG_WARN_SUSPICIOUS_MOVE = YES;
				CLANG_WARN_UNREACHABLE_CODE = YES;
				CLANG_WARN__DUPLICATE_METHOD_MATCH = YES;
				"CODE_SIGN_IDENTITY[sdk=iphoneos*]" = "iPhone Developer";
				COPY_PHASE_STRIP = NO;
				DEBUG_INFORMATION_FORMAT = dwarf;
				ENABLE_STRICT_OBJC_MSGSEND = YES;
				ENABLE_TESTABILITY = YES;
				ENABLE_USER_SCRIPT_SANDBOXING = NO;
				GCC_C_LANGUAGE_STANDARD = gnu99;
				GCC_DYNAMIC_NO_PIC = NO;
				GCC_NO_COMMON_BLOCKS = YES;
				GCC_OPTIMIZATION_LEVEL = 0;
				GCC_PREPROCESSOR_DEFINITIONS = (
					"DEBUG=1",
					"$(inherited)",
				);
				GCC_WARN_64_TO_32_BIT_CONVERSION = YES;
				GCC_WARN_ABOUT_RETURN_TYPE = YES_ERROR;
				GCC_WARN_UNDECLARED_SELECTOR = YES;
				GCC_WARN_UNINITIALIZED_AUTOS = YES_AGGRESSIVE;
				GCC_WARN_UNUSED_FUNCTION = YES;
				GCC_WARN_UNUSED_VARIABLE = YES;
				IPHONEOS_DEPLOYMENT_TARGET = 15.0;
				MTL_ENABLE_DEBUG_INFO = YES;
				ONLY_ACTIVE_ARCH = YES;
				SDKROOT = iphoneos;
				TARGETED_DEVICE_FAMILY = "1,2";
			};
			name = Debug;
		};
		97C147041CF9000F007C117D /* Release */ = {
			isa = XCBuildConfiguration;
			buildSettings = {
				ALWAYS_SEARCH_USER_PATHS = NO;
				ASSETCATALOG_COMPILER_GENERATE_SWIFT_ASSET_SYMBOL_EXTENSIONS = YES;
				CLANG_ANALYZER_NONNULL = YES;
				CLANG_CXX_LANGUAGE_STANDARD = "gnu++0x";
				CLANG_CXX_LIBRARY = "libc++";
				CLANG_ENABLE_MODULES = YES;
				CLANG_ENABLE_OBJC_ARC = YES;
				CLANG_WARN_BLOCK_CAPTURE_AUTORELEASING = YES;
				CLANG_WARN_BOOL_CONVERSION = YES;
				CLANG_WARN_COMMA = YES;
				CLANG_WARN_CONSTANT_CONVERSION = YES;
				CLANG_WARN_DEPRECATED_OBJC_IMPLEMENTATIONS = YES;
				CLANG_WARN_DIRECT_OBJC_ISA_USAGE = YES_ERROR;
				CLANG_WARN_EMPTY_BODY = YES;
				CLANG_WARN_ENUM_CONVERSION = YES;
				CLANG_WARN_INFINITE_RECURSION = YES;
				CLANG_WARN_INT_CONVERSION = YES;
				CLANG_WARN_NON_LITERAL_NULL_CONVERSION = YES;
				CLANG_WARN_OBJC_IMPLICIT_RETAIN_SELF = YES;
				CLANG_WARN_OBJC_LITERAL_CONVERSION = YES;
				CLANG_WARN_OBJC_ROOT_CLASS = YES_ERROR;
				CLANG_WARN_RANGE_LOOP_ANALYSIS = YES;
				CLANG_WARN_STRICT_PROTOTYPES = YES;
				CLANG_WARN_SUSPICIOUS_MOVE = YES;
				CLANG_WARN_UNREACHABLE_CODE = YES;
				CLANG_WARN__DUPLICATE_METHOD_MATCH = YES;
				"CODE_SIGN_IDENTITY[sdk=iphoneos*]" = "iPhone Developer";
				COPY_PHASE_STRIP = NO;
				DEBUG_INFORMATION_FORMAT = "dwarf-with-dsym";
				ENABLE_NS_ASSERTIONS = NO;
				ENABLE_STRICT_OBJC_MSGSEND = YES;
				ENABLE_USER_SCRIPT_SANDBOXING = NO;
				GCC_C_LANGUAGE_STANDARD = gnu99;
				GCC_NO_COMMON_BLOCKS = YES;
				GCC_WARN_64_TO_32_BIT_CONVERSION = YES;
				GCC_WARN_ABOUT_RETURN_TYPE = YES_ERROR;
				GCC_WARN_UNDECLARED_SELECTOR = YES;
				GCC_WARN_UNINITIALIZED_AUTOS = YES_AGGRESSIVE;
				GCC_WARN_UNUSED_FUNCTION = YES;
				GCC_WARN_UNUSED_VARIABLE = YES;
				IPHONEOS_DEPLOYMENT_TARGET = 15.0;
				MTL_ENABLE_DEBUG_INFO = NO;
				SDKROOT = iphoneos;
				SUPPORTED_PLATFORMS = iphoneos;
				SWIFT_COMPILATION_MODE = wholemodule;
				SWIFT_OPTIMIZATION_LEVEL = "-O";
				TARGETED_DEVICE_FAMILY = "1,2";
				VALIDATE_PRODUCT = YES;
			};
			name = Release;
		};
		97C147061CF9000F007C117D /* Debug */ = {
			isa = XCBuildConfiguration;
			baseConfigurationReference = 9740EEB21CF90195004384FC /* Debug.xcconfig */;
			buildSettings = {
				ASSETCATALOG_COMPILER_APPICON_NAME = AppIcon;
				CLANG_ENABLE_MODULES = YES;
				CODE_SIGN_ENTITLEMENTS = Runner/Runner.entitlements;
				CURRENT_PROJECT_VERSION = "$(FLUTTER_BUILD_NUMBER)";
				ENABLE_BITCODE = NO;
				INFOPLIST_FILE = Runner/Info.plist;
				LD_RUNPATH_SEARCH_PATHS = (
					"$(inherited)",
					"@executable_path/Frameworks",
				);
				PRODUCT_BUNDLE_IDENTIFIER = com.mirrorspeed.mirrorspeedVpn;
				PRODUCT_NAME = "$(TARGET_NAME)";
				SWIFT_OBJC_BRIDGING_HEADER = "Runner/Runner-Bridging-Header.h";
				SWIFT_OPTIMIZATION_LEVEL = "-Onone";
				SWIFT_VERSION = 5.0;
				VERSIONING_SYSTEM = "apple-generic";
			};
			name = Debug;
		};
		97C147071CF9000F007C117D /* Release */ = {
			isa = XCBuildConfiguration;
			baseConfigurationReference = 7AFA3C8E1D35360C0083082E /* Release.xcconfig */;
			buildSettings = {
				ASSETCATALOG_COMPILER_APPICON_NAME = AppIcon;
				CLANG_ENABLE_MODULES = YES;
				CODE_SIGN_ENTITLEMENTS = Runner/Runner.entitlements;
				CURRENT_PROJECT_VERSION = "$(FLUTTER_BUILD_NUMBER)";
				ENABLE_BITCODE = NO;
				INFOPLIST_FILE = Runner/Info.plist;
				LD_RUNPATH_SEARCH_PATHS = (
					"$(inherited)",
					"@executable_path/Frameworks",
				);
				PRODUCT_BUNDLE_IDENTIFIER = com.mirrorspeed.mirrorspeedVpn;
				PRODUCT_NAME = "$(TARGET_NAME)";
				SWIFT_OBJC_BRIDGING_HEADER = "Runner/Runner-Bridging-Header.h";
				SWIFT_VERSION = 5.0;
				VERSIONING_SYSTEM = "apple-generic";
			};
			name = Release;
		};
		AB0AF79119EA2A3BF3586789 /* Release */ = {
			isa = XCBuildConfiguration;
			baseConfigurationReference = 455D578E6EBF9669DB7631C0 /* TunnelExtension.xcconfig */;
			buildSettings = {
				APPLICATION_EXTENSION_API_ONLY = YES;
				CLANG_ENABLE_MODULES = YES;
				CLANG_ENABLE_OBJC_WEAK = NO;
				CODE_SIGN_ENTITLEMENTS = "../ios_macos_native/SingboxTunnel/SingboxTunnel-iOS.entitlements";
				CODE_SIGN_STYLE = Automatic;
				DEAD_CODE_STRIPPING = YES;
				ENABLE_BITCODE = NO;
				INFOPLIST_FILE = ../ios_macos_native/SingboxTunnel/Info.plist;
				IPHONEOS_DEPLOYMENT_TARGET = 15.0;
				LD_RUNPATH_SEARCH_PATHS = (
					"$(inherited)",
					"@executable_path/Frameworks",
					"@executable_path/../../Frameworks",
				);
				PRODUCT_BUNDLE_IDENTIFIER = com.mirrorspeed.mirrorspeedVpn.PacketTunnel;
				PRODUCT_NAME = "$(TARGET_NAME)";
				SDKROOT = iphoneos;
				SKIP_INSTALL = YES;
				SWIFT_OPTIMIZATION_LEVEL = "-O";
				SWIFT_VERSION = 5.0;
				TARGETED_DEVICE_FAMILY = "1,2";
				VALIDATE_PRODUCT = YES;
			};
			name = Release;
		};
		BC9EEAC791BE5486F6B1A10E /* Release */ = {
			isa = XCBuildConfiguration;
			baseConfigurationReference = 455D578E6EBF9669DB7631C0 /* TunnelExtension.xcconfig */;
			buildSettings = {
				APPLICATION_EXTENSION_API_ONLY = YES;
				CLANG_ENABLE_MODULES = YES;
				CLANG_ENABLE_OBJC_WEAK = NO;
				CODE_SIGN_ENTITLEMENTS = "../ios_macos_native/AWGTunnel/AWGTunnel-iOS.entitlements";
				CODE_SIGN_STYLE = Automatic;
				DEAD_CODE_STRIPPING = YES;
				ENABLE_BITCODE = NO;
				HEADER_SEARCH_PATHS = (
					"$(inherited)",
					"$(SRCROOT)/../ios_macos_native/AWGTunnel",
				);
				INFOPLIST_FILE = ../ios_macos_native/AWGTunnel/Info.plist;
				IPHONEOS_DEPLOYMENT_TARGET = 15.0;
				LD_RUNPATH_SEARCH_PATHS = (
					"$(inherited)",
					"@executable_path/Frameworks",
					"@executable_path/../../Frameworks",
				);
				PRODUCT_BUNDLE_IDENTIFIER = com.mirrorspeed.mirrorspeedVpn.AWGTunnel;
				PRODUCT_NAME = "$(TARGET_NAME)";
				SDKROOT = iphoneos;
				SKIP_INSTALL = YES;
				SWIFT_OBJC_BRIDGING_HEADER = "../ios_macos_native/AWGTunnel/AWGTunnel-Bridging-Header.h";
				SWIFT_OPTIMIZATION_LEVEL = "-O";
				SWIFT_VERSION = 5.0;
				TARGETED_DEVICE_FAMILY = "1,2";
				VALIDATE_PRODUCT = YES;
			};
			name = Release;
		};
		CB80571BC7AB75CB44D4F98C /* Profile */ = {
			isa = XCBuildConfiguration;
			baseConfigurationReference = 455D578E6EBF9669DB7631C0 /* TunnelExtension.xcconfig */;
			buildSettings = {
				APPLICATION_EXTENSION_API_ONLY = YES;
				CLANG_ENABLE_MODULES = YES;
				CLANG_ENABLE_OBJC_WEAK = NO;
				CODE_SIGN_ENTITLEMENTS = "../ios_macos_native/AWGTunnel/AWGTunnel-iOS.entitlements";
				CODE_SIGN_STYLE = Automatic;
				DEAD_CODE_STRIPPING = YES;
				ENABLE_BITCODE = NO;
				HEADER_SEARCH_PATHS = (
					"$(inherited)",
					"$(SRCROOT)/../ios_macos_native/AWGTunnel",
				);
				INFOPLIST_FILE = ../ios_macos_native/AWGTunnel/Info.plist;
				IPHONEOS_DEPLOYMENT_TARGET = 15.0;
				LD_RUNPATH_SEARCH_PATHS = (
					"$(inherited)",
					"@executable_path/Frameworks",
					"@executable_path/../../Frameworks",
				);
				PRODUCT_BUNDLE_IDENTIFIER = com.mirrorspeed.mirrorspeedVpn.AWGTunnel;
				PRODUCT_NAME = "$(TARGET_NAME)";
				SDKROOT = iphoneos;
				SKIP_INSTALL = YES;
				SWIFT_OBJC_BRIDGING_HEADER = "../ios_macos_native/AWGTunnel/AWGTunnel-Bridging-Header.h";
				SWIFT_OPTIMIZATION_LEVEL = "-O";
				SWIFT_VERSION = 5.0;
				TARGETED_DEVICE_FAMILY = "1,2";
				VALIDATE_PRODUCT = YES;
			};
			name = Profile;
		};
		E519DD3C3B6749B72EFE49A4 /* Profile */ = {
			isa = XCBuildConfiguration;
			baseConfigurationReference = 455D578E6EBF9669DB7631C0 /* TunnelExtension.xcconfig */;
			buildSettings = {
				APPLICATION_EXTENSION_API_ONLY = YES;
				CLANG_ENABLE_MODULES = YES;
				CLANG_ENABLE_OBJC_WEAK = NO;
				CODE_SIGN_ENTITLEMENTS = "../ios_macos_native/AWGTunnel/AWGTunnel-iOS.entitlements";
				CODE_SIGN_STYLE = Automatic;
				DEAD_CODE_STRIPPING = YES;
				ENABLE_BITCODE = NO;
				HEADER_SEARCH_PATHS = (
					"$(inherited)",
					"$(SRCROOT)/../ios_macos_native/AWGTunnel",
				);
				INFOPLIST_FILE = ../ios_macos_native/AWGTunnel/Info.plist;
				IPHONEOS_DEPLOYMENT_TARGET = 15.0;
				LD_RUNPATH_SEARCH_PATHS = (
					"$(inherited)",
					"@executable_path/Frameworks",
					"@executable_path/../../Frameworks",
				);
				PRODUCT_BUNDLE_IDENTIFIER = com.mirrorspeed.mirrorspeedVpn.AWGTunnel;
				PRODUCT_NAME = "$(TARGET_NAME)";
				SDKROOT = iphoneos;
				SKIP_INSTALL = YES;
				SWIFT_OBJC_BRIDGING_HEADER = "../ios_macos_native/AWGTunnel/AWGTunnel-Bridging-Header.h";
				SWIFT_OPTIMIZATION_LEVEL = "-O";
				SWIFT_VERSION = 5.0;
				TARGETED_DEVICE_FAMILY = "1,2";
				VALIDATE_PRODUCT = YES;
			};
			name = Profile;
		};
		E9DCDC59E33FA7FE82B35A44 /* Debug */ = {
			isa = XCBuildConfiguration;
			baseConfigurationReference = 455D578E6EBF9669DB7631C0 /* TunnelExtension.xcconfig */;
			buildSettings = {
				APPLICATION_EXTENSION_API_ONLY = YES;
				CLANG_ENABLE_MODULES = YES;
				CLANG_ENABLE_OBJC_WEAK = NO;
				CODE_SIGN_ENTITLEMENTS = "../ios_macos_native/SingboxTunnel/SingboxTunnel-iOS.entitlements";
				CODE_SIGN_STYLE = Automatic;
				DEAD_CODE_STRIPPING = YES;
				ENABLE_BITCODE = NO;
				INFOPLIST_FILE = ../ios_macos_native/SingboxTunnel/Info.plist;
				IPHONEOS_DEPLOYMENT_TARGET = 15.0;
				LD_RUNPATH_SEARCH_PATHS = (
					"$(inherited)",
					"@executable_path/Frameworks",
					"@executable_path/../../Frameworks",
				);
				PRODUCT_BUNDLE_IDENTIFIER = com.mirrorspeed.mirrorspeedVpn.PacketTunnel;
				PRODUCT_NAME = "$(TARGET_NAME)";
				SDKROOT = iphoneos;
				SKIP_INSTALL = YES;
				SWIFT_OPTIMIZATION_LEVEL = "-Onone";
				SWIFT_VERSION = 5.0;
				TARGETED_DEVICE_FAMILY = "1,2";
			};
			name = Debug;
		};
		EC1A93D01D855A28D6F67DA4 /* Release */ = {
			isa = XCBuildConfiguration;
			baseConfigurationReference = 455D578E6EBF9669DB7631C0 /* TunnelExtension.xcconfig */;
			buildSettings = {
				APPLICATION_EXTENSION_API_ONLY = YES;
				CLANG_ENABLE_MODULES = YES;
				CLANG_ENABLE_OBJC_WEAK = NO;
				CODE_SIGN_ENTITLEMENTS = "../ios_macos_native/AWGTunnel/AWGTunnel-iOS.entitlements";
				CODE_SIGN_STYLE = Automatic;
				DEAD_CODE_STRIPPING = YES;
				ENABLE_BITCODE = NO;
				HEADER_SEARCH_PATHS = (
					"$(inherited)",
					"$(SRCROOT)/../ios_macos_native/AWGTunnel",
				);
				INFOPLIST_FILE = ../ios_macos_native/AWGTunnel/Info.plist;
				IPHONEOS_DEPLOYMENT_TARGET = 15.0;
				LD_RUNPATH_SEARCH_PATHS = (
					"$(inherited)",
					"@executable_path/Frameworks",
					"@executable_path/../../Frameworks",
				);
				PRODUCT_BUNDLE_IDENTIFIER = com.mirrorspeed.mirrorspeedVpn.AWGTunnel;
				PRODUCT_NAME = "$(TARGET_NAME)";
				SDKROOT = iphoneos;
				SKIP_INSTALL = YES;
				SWIFT_OBJC_BRIDGING_HEADER = "../ios_macos_native/AWGTunnel/AWGTunnel-Bridging-Header.h";
				SWIFT_OPTIMIZATION_LEVEL = "-O";
				SWIFT_VERSION = 5.0;
				TARGETED_DEVICE_FAMILY = "1,2";
				VALIDATE_PRODUCT = YES;
			};
			name = Release;
		};
/* End XCBuildConfiguration section */

/* Begin XCConfigurationList section */
		331C8087294A63A400263BE5 /* Build configuration list for PBXNativeTarget "RunnerTests" */ = {
			isa = XCConfigurationList;
			buildConfigurations = (
				331C8088294A63A400263BE5 /* Debug */,
				331C8089294A63A400263BE5 /* Release */,
				331C808A294A63A400263BE5 /* Profile */,
			);
			defaultConfigurationIsVisible = 0;
			defaultConfigurationName = Release;
		};
		97C146E91CF9000F007C117D /* Build configuration list for PBXProject "Runner" */ = {
			isa = XCConfigurationList;
			buildConfigurations = (
				97C147031CF9000F007C117D /* Debug */,
				97C147041CF9000F007C117D /* Release */,
				249021D3217E4FDB00AE95B9 /* Profile */,
			);
			defaultConfigurationIsVisible = 0;
			defaultConfigurationName = Release;
		};
		97C147051CF9000F007C117D /* Build configuration list for PBXNativeTarget "Runner" */ = {
			isa = XCConfigurationList;
			buildConfigurations = (
				97C147061CF9000F007C117D /* Debug */,
				97C147071CF9000F007C117D /* Release */,
				249021D4217E4FDB00AE95B9 /* Profile */,
			);
			defaultConfigurationIsVisible = 0;
			defaultConfigurationName = Release;
		};
		C414FBEB5A6C8BD324802304 /* Build configuration list for PBXNativeTarget "SingboxTunnel" */ = {
			isa = XCConfigurationList;
			buildConfigurations = (
				AB0AF79119EA2A3BF3586789 /* Release */,
				E9DCDC59E33FA7FE82B35A44 /* Debug */,
				0338DD7AF9D228657B18925D /* Profile */,
			);
			defaultConfigurationIsVisible = 0;
			defaultConfigurationName = Release;
		};
		C67357A47CFD0FDD08F77ABB /* Build configuration list for PBXNativeTarget "AWGTunnel" */ = {
			isa = XCConfigurationList;
			buildConfigurations = (
				BC9EEAC791BE5486F6B1A10E /* Release */,
				47AFEF5E76FB357570338A8D /* Debug */,
				CB80571BC7AB75CB44D4F98C /* Profile */,
			);
			defaultConfigurationIsVisible = 0;
			defaultConfigurationName = Release;
		};
/* End XCConfigurationList section */
	};
	rootObject = 97C146E61CF9000F007C117D /* Project object */;
}
